// !$*UTF8*$!
{
	archiveVersion = 1;
	classes = {
	};
	objectVersion = 52;
	objects = {

/* Begin PBXBuildFile section */
		197FA939261CFC9B00642300 /* EssentialFeed.framework in Frameworks */ = {isa = PBXBuildFile; fileRef = 197FA92F261CFC9B00642300 /* EssentialFeed.framework */; };
		197FA951261CFD0F00642300 /* XCTestCase+MemoryLeakTrack.swift in Sources */ = {isa = PBXBuildFile; fileRef = 197FA94E261CFD0F00642300 /* XCTestCase+MemoryLeakTrack.swift */; };
		197FA95E261CFD1B00642300 /* FeedLoader.swift in Sources */ = {isa = PBXBuildFile; fileRef = 197FA957261CFD1B00642300 /* FeedLoader.swift */; };
		197FA961261CFD1B00642300 /* FeedImage.swift in Sources */ = {isa = PBXBuildFile; fileRef = 197FA95A261CFD1B00642300 /* FeedImage.swift */; };
		197FA96D261CFD6B00642300 /* EssentialFeedAPIEndToEndTests.swift in Sources */ = {isa = PBXBuildFile; fileRef = 197FA96C261CFD6B00642300 /* EssentialFeedAPIEndToEndTests.swift */; };
		197FA96F261CFD6B00642300 /* EssentialFeed.framework in Frameworks */ = {isa = PBXBuildFile; fileRef = 197FA92F261CFC9B00642300 /* EssentialFeed.framework */; };
		197FA978261CFDAE00642300 /* XCTestCase+MemoryLeakTrack.swift in Sources */ = {isa = PBXBuildFile; fileRef = 197FA94E261CFD0F00642300 /* XCTestCase+MemoryLeakTrack.swift */; };
		E8070DBA263FE16E00717354 /* Feed.storyboard in Resources */ = {isa = PBXBuildFile; fileRef = E8070DB9263FE16E00717354 /* Feed.storyboard */; };
		E8070DBC263FE22F00717354 /* Feed.xcassets in Resources */ = {isa = PBXBuildFile; fileRef = E8070DBB263FE22F00717354 /* Feed.xcassets */; };
		E8070DBE263FF1D700717354 /* UITableView+Dequeueing.swift in Sources */ = {isa = PBXBuildFile; fileRef = E8070DBD263FF1D700717354 /* UITableView+Dequeueing.swift */; };
		E8070DC0263FF34C00717354 /* UIImageView+Animations.swift in Sources */ = {isa = PBXBuildFile; fileRef = E8070DBF263FF34C00717354 /* UIImageView+Animations.swift */; };
		E8281A772629CA6C00DDD1AD /* ValidateFeedCacheUseCaseTests.swift in Sources */ = {isa = PBXBuildFile; fileRef = E8281A762629CA6C00DDD1AD /* ValidateFeedCacheUseCaseTests.swift */; };
		E8281A7F262AECC000DDD1AD /* FeedCacheTestHelpers.swift in Sources */ = {isa = PBXBuildFile; fileRef = E8281A7E262AECC000DDD1AD /* FeedCacheTestHelpers.swift */; };
		E8281A8C262AEDC300DDD1AD /* SharedTestHelpers.swift in Sources */ = {isa = PBXBuildFile; fileRef = E8281A8B262AEDC300DDD1AD /* SharedTestHelpers.swift */; };
		E82F3DA126355032003964FA /* EssentialFeediOS.framework in Frameworks */ = {isa = PBXBuildFile; fileRef = E82F3D9826355032003964FA /* EssentialFeediOS.framework */; };
		E82F3DE326359F54003964FA /* EssentialFeed.framework in Frameworks */ = {isa = PBXBuildFile; fileRef = 197FA92F261CFC9B00642300 /* EssentialFeed.framework */; platformFilter = ios; };
		E82F3DE426359F54003964FA /* EssentialFeed.framework in Embed Frameworks */ = {isa = PBXBuildFile; fileRef = 197FA92F261CFC9B00642300 /* EssentialFeed.framework */; platformFilter = ios; settings = {ATTRIBUTES = (CodeSignOnCopy, RemoveHeadersOnCopy, ); }; };
		E82F3DED2635A053003964FA /* XCTestCase+MemoryLeakTrack.swift in Sources */ = {isa = PBXBuildFile; fileRef = 197FA94E261CFD0F00642300 /* XCTestCase+MemoryLeakTrack.swift */; };
		E82F3DF42635DBB3003964FA /* FeedViewController.swift in Sources */ = {isa = PBXBuildFile; fileRef = E82F3DF32635DBB3003964FA /* FeedViewController.swift */; };
		E82F3DFB26360B50003964FA /* FeedImageCell.swift in Sources */ = {isa = PBXBuildFile; fileRef = E82F3DFA26360B50003964FA /* FeedImageCell.swift */; };
		E82F3E02263763B7003964FA /* UIView+Shimmering.swift in Sources */ = {isa = PBXBuildFile; fileRef = E82F3E01263763B7003964FA /* UIView+Shimmering.swift */; };
		E84B896426545CC20058F768 /* ImageComment.swift in Sources */ = {isa = PBXBuildFile; fileRef = E84B896326545CC20058F768 /* ImageComment.swift */; };
		E8521A0626248C97006DE18E /* FeedStoreSpy.swift in Sources */ = {isa = PBXBuildFile; fileRef = E8521A0526248C97006DE18E /* FeedStoreSpy.swift */; };
		E852B5532622DAD2006630CF /* CacheFeedUseCaseTest.swift in Sources */ = {isa = PBXBuildFile; fileRef = E852B5522622DAD2006630CF /* CacheFeedUseCaseTest.swift */; };
		E852B55C26233893006630CF /* LocalFeedLoader.swift in Sources */ = {isa = PBXBuildFile; fileRef = E852B55B26233893006630CF /* LocalFeedLoader.swift */; };
		E852B56126233945006630CF /* FeedStore.swift in Sources */ = {isa = PBXBuildFile; fileRef = E852B56026233945006630CF /* FeedStore.swift */; };
		E852B56B262371FC006630CF /* LocalFeedImage.swift in Sources */ = {isa = PBXBuildFile; fileRef = E852B56A262371FC006630CF /* LocalFeedImage.swift */; };
		E8AE2D322646881F00204450 /* FeedPresenter.swift in Sources */ = {isa = PBXBuildFile; fileRef = E8AE2D312646881F00204450 /* FeedPresenter.swift */; };
		E8AE2D332646890400204450 /* Feed.strings in Resources */ = {isa = PBXBuildFile; fileRef = E8AE2D2D2646865F00204450 /* Feed.strings */; };
		E8AE2D352646893E00204450 /* FeedViewModel.swift in Sources */ = {isa = PBXBuildFile; fileRef = E8AE2D342646893E00204450 /* FeedViewModel.swift */; };
		E8AE2D372646896400204450 /* FeedLoadingViewModel.swift in Sources */ = {isa = PBXBuildFile; fileRef = E8AE2D362646896400204450 /* FeedLoadingViewModel.swift */; };
		E8AE2D392646898100204450 /* FeedErrorViewModel.swift in Sources */ = {isa = PBXBuildFile; fileRef = E8AE2D382646898100204450 /* FeedErrorViewModel.swift */; };
		E8AE2D3A2646F88700204450 /* FeedLocalizationTests.swift in Sources */ = {isa = PBXBuildFile; fileRef = E8070DCB2640949600717354 /* FeedLocalizationTests.swift */; };
		E8AE2D3C26472ABE00204450 /* FeedImagePresenterTests.swift in Sources */ = {isa = PBXBuildFile; fileRef = E8AE2D3B26472ABE00204450 /* FeedImagePresenterTests.swift */; };
		E8AE2D3E26473A4400204450 /* FeedImagePresenter.swift in Sources */ = {isa = PBXBuildFile; fileRef = E8AE2D3D26473A4400204450 /* FeedImagePresenter.swift */; };
		E8AE2D4026473B8600204450 /* FeedImageViewModel.swift in Sources */ = {isa = PBXBuildFile; fileRef = E8AE2D3F26473B8600204450 /* FeedImageViewModel.swift */; };
		E8AE2D412647DB7A00204450 /* FeedImageDataLoader.swift in Sources */ = {isa = PBXBuildFile; fileRef = E8DC7BEA263B557400B85F4C /* FeedImageDataLoader.swift */; };
		E8AE2D4F264820C800204450 /* LocalFeedImageDataLoader.swift in Sources */ = {isa = PBXBuildFile; fileRef = E8AE2D4E264820C800204450 /* LocalFeedImageDataLoader.swift */; };
		E8AE2D512648218B00204450 /* FeedImageDataStore.swift in Sources */ = {isa = PBXBuildFile; fileRef = E8AE2D502648218B00204450 /* FeedImageDataStore.swift */; };
		E8AE2D53264821B000204450 /* CoreDataFeedStore+FeedImageDataLoader.swift in Sources */ = {isa = PBXBuildFile; fileRef = E8AE2D52264821B000204450 /* CoreDataFeedStore+FeedImageDataLoader.swift */; };
		E8AE2D552648220300204450 /* CoreDataFeedStore+FeedStore.swift in Sources */ = {isa = PBXBuildFile; fileRef = E8AE2D542648220300204450 /* CoreDataFeedStore+FeedStore.swift */; };
		E8AE2D572648242B00204450 /* CacheFeedImageDataUseCaseTests.swift in Sources */ = {isa = PBXBuildFile; fileRef = E8AE2D562648242B00204450 /* CacheFeedImageDataUseCaseTests.swift */; };
		E8AE2D59264824A300204450 /* CoreDataFeedImageDataStoreTests.swift in Sources */ = {isa = PBXBuildFile; fileRef = E8AE2D58264824A300204450 /* CoreDataFeedImageDataStoreTests.swift */; };
		E8AE2D5B2648253D00204450 /* FeedImageDataStoreSpy.swift in Sources */ = {isa = PBXBuildFile; fileRef = E8AE2D5A2648253D00204450 /* FeedImageDataStoreSpy.swift */; };
		E8AE2D5D2648257000204450 /* LoadFeedImageDataFromCacheUseCaseTests.swift in Sources */ = {isa = PBXBuildFile; fileRef = E8AE2D5C2648257000204450 /* LoadFeedImageDataFromCacheUseCaseTests.swift */; };
		E8AE2E0E264B2B7400204450 /* FeedCache.swift in Sources */ = {isa = PBXBuildFile; fileRef = E8AE2E0D264B2B7400204450 /* FeedCache.swift */; };
		E8AE2E18264C173800204450 /* FeedImageDataCache.swift in Sources */ = {isa = PBXBuildFile; fileRef = E8AE2E17264C173800204450 /* FeedImageDataCache.swift */; };
		E8AE2E4A265061FD00204450 /* FeedSnapshotTests.swift in Sources */ = {isa = PBXBuildFile; fileRef = E8AE2E49265061FD00204450 /* FeedSnapshotTests.swift */; };
		E8AE2E4D2650694900204450 /* UIImage+TestHelpers.swift in Sources */ = {isa = PBXBuildFile; fileRef = E8AE2E4C2650694900204450 /* UIImage+TestHelpers.swift */; };
		E8AE2E4F26506BB400204450 /* UITableView+HeaderSizing.swift in Sources */ = {isa = PBXBuildFile; fileRef = E8AE2E4E26506BB400204450 /* UITableView+HeaderSizing.swift */; };
		E8AE2E51265075F600204450 /* UIViewController+Snapshot.swift in Sources */ = {isa = PBXBuildFile; fileRef = E8AE2E50265075F600204450 /* UIViewController+Snapshot.swift */; };
		E8AE2E532650766700204450 /* XCTestCase+Snapshot.swift in Sources */ = {isa = PBXBuildFile; fileRef = E8AE2E522650766700204450 /* XCTestCase+Snapshot.swift */; };
		E8AE2E6426511B5800204450 /* EssentialFeedAPI.framework in Frameworks */ = {isa = PBXBuildFile; fileRef = E8AE2E5B26511B5800204450 /* EssentialFeedAPI.framework */; };
		E8AE2E7226511BA900204450 /* EssentialFeed.framework in Frameworks */ = {isa = PBXBuildFile; fileRef = 197FA92F261CFC9B00642300 /* EssentialFeed.framework */; };
		E8AE2E7326511BA900204450 /* EssentialFeed.framework in Embed Frameworks */ = {isa = PBXBuildFile; fileRef = 197FA92F261CFC9B00642300 /* EssentialFeed.framework */; settings = {ATTRIBUTES = (CodeSignOnCopy, RemoveHeadersOnCopy, ); }; };
		E8AE2E7726511BEE00204450 /* RemoteFeedImageDataLoader.swift in Sources */ = {isa = PBXBuildFile; fileRef = E8AE2D422647DD2E00204450 /* RemoteFeedImageDataLoader.swift */; };
		E8AE2E7826511BEE00204450 /* URLSessionHTTPClient.swift in Sources */ = {isa = PBXBuildFile; fileRef = 197FA95C261CFD1B00642300 /* URLSessionHTTPClient.swift */; };
		E8AE2E7A26511BEE00204450 /* HTTPClient.swift in Sources */ = {isa = PBXBuildFile; fileRef = 197FA959261CFD1B00642300 /* HTTPClient.swift */; };
		E8AE2E7B26511BEE00204450 /* FeedItemsMapper.swift in Sources */ = {isa = PBXBuildFile; fileRef = 197FA958261CFD1B00642300 /* FeedItemsMapper.swift */; };
		E8AE2E7D26511C2C00204450 /* HTTPURLResponse+StatusCode.swift in Sources */ = {isa = PBXBuildFile; fileRef = E8AE2D472647E01B00204450 /* HTTPURLResponse+StatusCode.swift */; };
		E8AE2E7E26511C5800204450 /* LoadFeedImageDataFromRemoteUseCaseTests.swift in Sources */ = {isa = PBXBuildFile; fileRef = E8AE2D442647DE3400204450 /* LoadFeedImageDataFromRemoteUseCaseTests.swift */; };
		E8AE2E7F26511C5800204450 /* FeedItemsMapperTests.swift in Sources */ = {isa = PBXBuildFile; fileRef = 197FA94B261CFD0F00642300 /* FeedItemsMapperTests.swift */; };
		E8AE2E8026511C5800204450 /* URLSessionHTTPClientTest.swift in Sources */ = {isa = PBXBuildFile; fileRef = 197FA94C261CFD0F00642300 /* URLSessionHTTPClientTest.swift */; };
		E8AE2E8126511C6D00204450 /* URLProtocolStub.swift in Sources */ = {isa = PBXBuildFile; fileRef = E8AE2D4C2647E25900204450 /* URLProtocolStub.swift */; };
		E8AE2E8226511C6D00204450 /* HTTPClientSpy.swift in Sources */ = {isa = PBXBuildFile; fileRef = E8AE2D4A2647E22F00204450 /* HTTPClientSpy.swift */; };
		E8AE2E8326511D3300204450 /* XCTestCase+MemoryLeakTrack.swift in Sources */ = {isa = PBXBuildFile; fileRef = 197FA94E261CFD0F00642300 /* XCTestCase+MemoryLeakTrack.swift */; };
		E8AE2E8426511D6400204450 /* SharedTestHelpers.swift in Sources */ = {isa = PBXBuildFile; fileRef = E8281A8B262AEDC300DDD1AD /* SharedTestHelpers.swift */; };
		E8AE2E8926531DC700204450 /* ImageCommentsMapperTests.swift in Sources */ = {isa = PBXBuildFile; fileRef = E8AE2E8826531DC700204450 /* ImageCommentsMapperTests.swift */; };
		E8AE2E8D26531FD100204450 /* ImageCommentsMapper.swift in Sources */ = {isa = PBXBuildFile; fileRef = E8AE2E8C26531FD100204450 /* ImageCommentsMapper.swift */; };
		E8DC7BEF263C28FC00B85F4C /* FeedImageCellController.swift in Sources */ = {isa = PBXBuildFile; fileRef = E8DC7BEE263C28FC00B85F4C /* FeedImageCellController.swift */; };
		E8DFC618264487FE0091F22A /* FeedPresenterTests.swift in Sources */ = {isa = PBXBuildFile; fileRef = E8DFC617264487FE0091F22A /* FeedPresenterTests.swift */; };
		E8DFC61C26448D350091F22A /* ErrorView.swift in Sources */ = {isa = PBXBuildFile; fileRef = E8DFC61B26448D350091F22A /* ErrorView.swift */; };
		E8DFC62126448DBD0091F22A /* UIRefreshControl+Helpers.swift in Sources */ = {isa = PBXBuildFile; fileRef = E8DFC62026448DBD0091F22A /* UIRefreshControl+Helpers.swift */; };
		E8FE016126597809000A6CB2 /* RemoteLoaderTests.swift in Sources */ = {isa = PBXBuildFile; fileRef = E8FE015C2659761C000A6CB2 /* RemoteLoaderTests.swift */; };
		E8FE016226597818000A6CB2 /* RemoteLoader.swift in Sources */ = {isa = PBXBuildFile; fileRef = E8FE015E26597709000A6CB2 /* RemoteLoader.swift */; };
		E8FE0165265A5936000A6CB2 /* EssentialFeedAPI.framework in Frameworks */ = {isa = PBXBuildFile; fileRef = E8AE2E5B26511B5800204450 /* EssentialFeedAPI.framework */; };
		E8FE0168265A8BB3000A6CB2 /* LoadResourcePresenterTests.swift in Sources */ = {isa = PBXBuildFile; fileRef = E8FE0167265A8BB3000A6CB2 /* LoadResourcePresenterTests.swift */; };
		E8FE016B265A8CA6000A6CB2 /* LoadResourcePresenter.swift in Sources */ = {isa = PBXBuildFile; fileRef = E8FE016A265A8CA6000A6CB2 /* LoadResourcePresenter.swift */; };
		E8FE016F265AD0BF000A6CB2 /* SharedLocalizationTests.swift in Sources */ = {isa = PBXBuildFile; fileRef = E8FE016E265AD0BF000A6CB2 /* SharedLocalizationTests.swift */; };
		E8FE0170265AD1D5000A6CB2 /* Shared.strings in Resources */ = {isa = PBXBuildFile; fileRef = E8FE0172265AD1D5000A6CB2 /* Shared.strings */; };
		E8FE9F03262B29940096557A /* FeedCachePolicy.swift in Sources */ = {isa = PBXBuildFile; fileRef = E8FE9F02262B29940096557A /* FeedCachePolicy.swift */; };
		E8FE9F12262CB1790096557A /* FeedStoreSpecs.swift in Sources */ = {isa = PBXBuildFile; fileRef = E8FE9F11262CB1790096557A /* FeedStoreSpecs.swift */; };
		E8FE9F17262CB1D00096557A /* XCTestCase+FeedStoreSpecs.swift in Sources */ = {isa = PBXBuildFile; fileRef = E8FE9F16262CB1D00096557A /* XCTestCase+FeedStoreSpecs.swift */; };
		E8FE9F1C262ED7990096557A /* CoreDataFeedStoreSpecs.swift in Sources */ = {isa = PBXBuildFile; fileRef = E8FE9F1B262ED7990096557A /* CoreDataFeedStoreSpecs.swift */; };
		E8FE9F23262EDDAE0096557A /* CoreDataFeedStore.swift in Sources */ = {isa = PBXBuildFile; fileRef = E8FE9F22262EDDAE0096557A /* CoreDataFeedStore.swift */; };
		E8FE9F28262EDDFA0096557A /* CoreDataHelpers.swift in Sources */ = {isa = PBXBuildFile; fileRef = E8FE9F27262EDDFA0096557A /* CoreDataHelpers.swift */; };
		E8FE9F2D262EDE570096557A /* ManagedCache.swift in Sources */ = {isa = PBXBuildFile; fileRef = E8FE9F2C262EDE570096557A /* ManagedCache.swift */; };
		E8FE9F32262EDE870096557A /* ManagedFeedImage.swift in Sources */ = {isa = PBXBuildFile; fileRef = E8FE9F31262EDE870096557A /* ManagedFeedImage.swift */; };
		E8FE9F38262EDF070096557A /* FeedStore.xcdatamodeld in Sources */ = {isa = PBXBuildFile; fileRef = E8FE9F36262EDF070096557A /* FeedStore.xcdatamodeld */; };
		E8FE9F47262F09D00096557A /* EssentialFeedCacheIntegrationTests.swift in Sources */ = {isa = PBXBuildFile; fileRef = E8FE9F46262F09D00096557A /* EssentialFeedCacheIntegrationTests.swift */; };
		E8FE9F49262F09D00096557A /* EssentialFeed.framework in Frameworks */ = {isa = PBXBuildFile; fileRef = 197FA92F261CFC9B00642300 /* EssentialFeed.framework */; };
		E8FE9F53262F0CBF0096557A /* XCTestCase+MemoryLeakTrack.swift in Sources */ = {isa = PBXBuildFile; fileRef = 197FA94E261CFD0F00642300 /* XCTestCase+MemoryLeakTrack.swift */; };
		E8FE9F58262F0E730096557A /* FeedCacheTestHelpers.swift in Sources */ = {isa = PBXBuildFile; fileRef = E8281A7E262AECC000DDD1AD /* FeedCacheTestHelpers.swift */; };
		E8FE9F5D262F0EB40096557A /* SharedTestHelpers.swift in Sources */ = {isa = PBXBuildFile; fileRef = E8281A8B262AEDC300DDD1AD /* SharedTestHelpers.swift */; };
		E8FF275026244D1E00AF7C8D /* LoadFeedFromCacheUseCaseTests.swift in Sources */ = {isa = PBXBuildFile; fileRef = E8FF274F26244D1E00AF7C8D /* LoadFeedFromCacheUseCaseTests.swift */; };
/* End PBXBuildFile section */

/* Begin PBXContainerItemProxy section */
		197FA93A261CFC9B00642300 /* PBXContainerItemProxy */ = {
			isa = PBXContainerItemProxy;
			containerPortal = 197FA926261CFC9B00642300 /* Project object */;
			proxyType = 1;
			remoteGlobalIDString = 197FA92E261CFC9B00642300;
			remoteInfo = EssentialFeed;
		};
		197FA970261CFD6B00642300 /* PBXContainerItemProxy */ = {
			isa = PBXContainerItemProxy;
			containerPortal = 197FA926261CFC9B00642300 /* Project object */;
			proxyType = 1;
			remoteGlobalIDString = 197FA92E261CFC9B00642300;
			remoteInfo = EssentialFeed;
		};
		E82F3DA226355032003964FA /* PBXContainerItemProxy */ = {
			isa = PBXContainerItemProxy;
			containerPortal = 197FA926261CFC9B00642300 /* Project object */;
			proxyType = 1;
			remoteGlobalIDString = E82F3D9726355032003964FA;
			remoteInfo = EssentialFeediOS;
		};
		E82F3DE526359F54003964FA /* PBXContainerItemProxy */ = {
			isa = PBXContainerItemProxy;
			containerPortal = 197FA926261CFC9B00642300 /* Project object */;
			proxyType = 1;
			remoteGlobalIDString = 197FA92E261CFC9B00642300;
			remoteInfo = EssentialFeed;
		};
		E8AE2E6526511B5800204450 /* PBXContainerItemProxy */ = {
			isa = PBXContainerItemProxy;
			containerPortal = 197FA926261CFC9B00642300 /* Project object */;
			proxyType = 1;
			remoteGlobalIDString = E8AE2E5A26511B5800204450;
			remoteInfo = EssentialFeedAPI;
		};
		E8AE2E7426511BA900204450 /* PBXContainerItemProxy */ = {
			isa = PBXContainerItemProxy;
			containerPortal = 197FA926261CFC9B00642300 /* Project object */;
			proxyType = 1;
			remoteGlobalIDString = 197FA92E261CFC9B00642300;
			remoteInfo = EssentialFeed;
		};
		E8FE0163265A592B000A6CB2 /* PBXContainerItemProxy */ = {
			isa = PBXContainerItemProxy;
			containerPortal = 197FA926261CFC9B00642300 /* Project object */;
			proxyType = 1;
			remoteGlobalIDString = E8AE2E5A26511B5800204450;
			remoteInfo = EssentialFeedAPI;
		};
		E8FE9F4A262F09D00096557A /* PBXContainerItemProxy */ = {
			isa = PBXContainerItemProxy;
			containerPortal = 197FA926261CFC9B00642300 /* Project object */;
			proxyType = 1;
			remoteGlobalIDString = 197FA92E261CFC9B00642300;
			remoteInfo = EssentialFeed;
		};
/* End PBXContainerItemProxy section */

/* Begin PBXCopyFilesBuildPhase section */
		E82F3DE726359F54003964FA /* Embed Frameworks */ = {
			isa = PBXCopyFilesBuildPhase;
			buildActionMask = 2147483647;
			dstPath = "";
			dstSubfolderSpec = 10;
			files = (
				E82F3DE426359F54003964FA /* EssentialFeed.framework in Embed Frameworks */,
			);
			name = "Embed Frameworks";
			runOnlyForDeploymentPostprocessing = 0;
		};
		E8AE2E7626511BA900204450 /* Embed Frameworks */ = {
			isa = PBXCopyFilesBuildPhase;
			buildActionMask = 2147483647;
			dstPath = "";
			dstSubfolderSpec = 10;
			files = (
				E8AE2E7326511BA900204450 /* EssentialFeed.framework in Embed Frameworks */,
			);
			name = "Embed Frameworks";
			runOnlyForDeploymentPostprocessing = 0;
		};
/* End PBXCopyFilesBuildPhase section */

/* Begin PBXFileReference section */
		197FA92F261CFC9B00642300 /* EssentialFeed.framework */ = {isa = PBXFileReference; explicitFileType = wrapper.framework; includeInIndex = 0; path = EssentialFeed.framework; sourceTree = BUILT_PRODUCTS_DIR; };
		197FA933261CFC9B00642300 /* Info.plist */ = {isa = PBXFileReference; lastKnownFileType = text.plist.xml; path = Info.plist; sourceTree = "<group>"; };
		197FA938261CFC9B00642300 /* EssentialFeedTests.xctest */ = {isa = PBXFileReference; explicitFileType = wrapper.cfbundle; includeInIndex = 0; path = EssentialFeedTests.xctest; sourceTree = BUILT_PRODUCTS_DIR; };
		197FA93F261CFC9B00642300 /* Info.plist */ = {isa = PBXFileReference; lastKnownFileType = text.plist.xml; path = Info.plist; sourceTree = "<group>"; };
		197FA94B261CFD0F00642300 /* FeedItemsMapperTests.swift */ = {isa = PBXFileReference; fileEncoding = 4; lastKnownFileType = sourcecode.swift; path = FeedItemsMapperTests.swift; sourceTree = "<group>"; };
		197FA94C261CFD0F00642300 /* URLSessionHTTPClientTest.swift */ = {isa = PBXFileReference; fileEncoding = 4; lastKnownFileType = sourcecode.swift; path = URLSessionHTTPClientTest.swift; sourceTree = "<group>"; };
		197FA94E261CFD0F00642300 /* XCTestCase+MemoryLeakTrack.swift */ = {isa = PBXFileReference; fileEncoding = 4; lastKnownFileType = sourcecode.swift; path = "XCTestCase+MemoryLeakTrack.swift"; sourceTree = "<group>"; };
		197FA957261CFD1B00642300 /* FeedLoader.swift */ = {isa = PBXFileReference; fileEncoding = 4; lastKnownFileType = sourcecode.swift; path = FeedLoader.swift; sourceTree = "<group>"; };
		197FA958261CFD1B00642300 /* FeedItemsMapper.swift */ = {isa = PBXFileReference; fileEncoding = 4; lastKnownFileType = sourcecode.swift; path = FeedItemsMapper.swift; sourceTree = "<group>"; };
		197FA959261CFD1B00642300 /* HTTPClient.swift */ = {isa = PBXFileReference; fileEncoding = 4; lastKnownFileType = sourcecode.swift; path = HTTPClient.swift; sourceTree = "<group>"; };
		197FA95A261CFD1B00642300 /* FeedImage.swift */ = {isa = PBXFileReference; fileEncoding = 4; lastKnownFileType = sourcecode.swift; path = FeedImage.swift; sourceTree = "<group>"; };
		197FA95C261CFD1B00642300 /* URLSessionHTTPClient.swift */ = {isa = PBXFileReference; fileEncoding = 4; lastKnownFileType = sourcecode.swift; path = URLSessionHTTPClient.swift; sourceTree = "<group>"; };
		197FA96A261CFD6B00642300 /* EssentialFeedAPIEndToEndTests.xctest */ = {isa = PBXFileReference; explicitFileType = wrapper.cfbundle; includeInIndex = 0; path = EssentialFeedAPIEndToEndTests.xctest; sourceTree = BUILT_PRODUCTS_DIR; };
		197FA96C261CFD6B00642300 /* EssentialFeedAPIEndToEndTests.swift */ = {isa = PBXFileReference; lastKnownFileType = sourcecode.swift; path = EssentialFeedAPIEndToEndTests.swift; sourceTree = "<group>"; };
		197FA96E261CFD6B00642300 /* Info.plist */ = {isa = PBXFileReference; lastKnownFileType = text.plist.xml; path = Info.plist; sourceTree = "<group>"; };
		E8070DB9263FE16E00717354 /* Feed.storyboard */ = {isa = PBXFileReference; lastKnownFileType = file.storyboard; path = Feed.storyboard; sourceTree = "<group>"; };
		E8070DBB263FE22F00717354 /* Feed.xcassets */ = {isa = PBXFileReference; lastKnownFileType = folder.assetcatalog; path = Feed.xcassets; sourceTree = "<group>"; };
		E8070DBD263FF1D700717354 /* UITableView+Dequeueing.swift */ = {isa = PBXFileReference; lastKnownFileType = sourcecode.swift; path = "UITableView+Dequeueing.swift"; sourceTree = "<group>"; };
		E8070DBF263FF34C00717354 /* UIImageView+Animations.swift */ = {isa = PBXFileReference; lastKnownFileType = sourcecode.swift; path = "UIImageView+Animations.swift"; sourceTree = "<group>"; };
		E8070DCB2640949600717354 /* FeedLocalizationTests.swift */ = {isa = PBXFileReference; lastKnownFileType = sourcecode.swift; path = FeedLocalizationTests.swift; sourceTree = "<group>"; };
		E8281A762629CA6C00DDD1AD /* ValidateFeedCacheUseCaseTests.swift */ = {isa = PBXFileReference; lastKnownFileType = sourcecode.swift; path = ValidateFeedCacheUseCaseTests.swift; sourceTree = "<group>"; };
		E8281A7E262AECC000DDD1AD /* FeedCacheTestHelpers.swift */ = {isa = PBXFileReference; lastKnownFileType = sourcecode.swift; path = FeedCacheTestHelpers.swift; sourceTree = "<group>"; };
		E8281A8B262AEDC300DDD1AD /* SharedTestHelpers.swift */ = {isa = PBXFileReference; lastKnownFileType = sourcecode.swift; path = SharedTestHelpers.swift; sourceTree = "<group>"; };
		E82F3D9826355032003964FA /* EssentialFeediOS.framework */ = {isa = PBXFileReference; explicitFileType = wrapper.framework; includeInIndex = 0; path = EssentialFeediOS.framework; sourceTree = BUILT_PRODUCTS_DIR; };
		E82F3D9B26355032003964FA /* Info.plist */ = {isa = PBXFileReference; lastKnownFileType = text.plist.xml; path = Info.plist; sourceTree = "<group>"; };
		E82F3DA026355032003964FA /* EssentialFeediOSTests.xctest */ = {isa = PBXFileReference; explicitFileType = wrapper.cfbundle; includeInIndex = 0; path = EssentialFeediOSTests.xctest; sourceTree = BUILT_PRODUCTS_DIR; };
		E82F3DA726355032003964FA /* Info.plist */ = {isa = PBXFileReference; lastKnownFileType = text.plist.xml; path = Info.plist; sourceTree = "<group>"; };
		E82F3DF32635DBB3003964FA /* FeedViewController.swift */ = {isa = PBXFileReference; lastKnownFileType = sourcecode.swift; path = FeedViewController.swift; sourceTree = "<group>"; };
		E82F3DFA26360B50003964FA /* FeedImageCell.swift */ = {isa = PBXFileReference; lastKnownFileType = sourcecode.swift; path = FeedImageCell.swift; sourceTree = "<group>"; };
		E82F3E01263763B7003964FA /* UIView+Shimmering.swift */ = {isa = PBXFileReference; lastKnownFileType = sourcecode.swift; path = "UIView+Shimmering.swift"; sourceTree = "<group>"; };
		E84B896326545CC20058F768 /* ImageComment.swift */ = {isa = PBXFileReference; lastKnownFileType = sourcecode.swift; path = ImageComment.swift; sourceTree = "<group>"; };
		E8521A0526248C97006DE18E /* FeedStoreSpy.swift */ = {isa = PBXFileReference; lastKnownFileType = sourcecode.swift; path = FeedStoreSpy.swift; sourceTree = "<group>"; };
		E852B5522622DAD2006630CF /* CacheFeedUseCaseTest.swift */ = {isa = PBXFileReference; lastKnownFileType = sourcecode.swift; path = CacheFeedUseCaseTest.swift; sourceTree = "<group>"; };
		E852B55B26233893006630CF /* LocalFeedLoader.swift */ = {isa = PBXFileReference; lastKnownFileType = sourcecode.swift; path = LocalFeedLoader.swift; sourceTree = "<group>"; };
		E852B56026233945006630CF /* FeedStore.swift */ = {isa = PBXFileReference; lastKnownFileType = sourcecode.swift; path = FeedStore.swift; sourceTree = "<group>"; };
		E852B56A262371FC006630CF /* LocalFeedImage.swift */ = {isa = PBXFileReference; lastKnownFileType = sourcecode.swift; path = LocalFeedImage.swift; sourceTree = "<group>"; };
		E8AE2D2C2646865F00204450 /* en */ = {isa = PBXFileReference; lastKnownFileType = text.plist.strings; name = en; path = en.lproj/Feed.strings; sourceTree = "<group>"; };
		E8AE2D2E2646866300204450 /* el */ = {isa = PBXFileReference; lastKnownFileType = text.plist.strings; name = el; path = el.lproj/Feed.strings; sourceTree = "<group>"; };
		E8AE2D2F2646866400204450 /* pt-BR */ = {isa = PBXFileReference; lastKnownFileType = text.plist.strings; name = "pt-BR"; path = "pt-BR.lproj/Feed.strings"; sourceTree = "<group>"; };
		E8AE2D312646881F00204450 /* FeedPresenter.swift */ = {isa = PBXFileReference; lastKnownFileType = sourcecode.swift; path = FeedPresenter.swift; sourceTree = "<group>"; };
		E8AE2D342646893E00204450 /* FeedViewModel.swift */ = {isa = PBXFileReference; lastKnownFileType = sourcecode.swift; path = FeedViewModel.swift; sourceTree = "<group>"; };
		E8AE2D362646896400204450 /* FeedLoadingViewModel.swift */ = {isa = PBXFileReference; lastKnownFileType = sourcecode.swift; path = FeedLoadingViewModel.swift; sourceTree = "<group>"; };
		E8AE2D382646898100204450 /* FeedErrorViewModel.swift */ = {isa = PBXFileReference; lastKnownFileType = sourcecode.swift; path = FeedErrorViewModel.swift; sourceTree = "<group>"; };
		E8AE2D3B26472ABE00204450 /* FeedImagePresenterTests.swift */ = {isa = PBXFileReference; lastKnownFileType = sourcecode.swift; path = FeedImagePresenterTests.swift; sourceTree = "<group>"; };
		E8AE2D3D26473A4400204450 /* FeedImagePresenter.swift */ = {isa = PBXFileReference; lastKnownFileType = sourcecode.swift; path = FeedImagePresenter.swift; sourceTree = "<group>"; };
		E8AE2D3F26473B8600204450 /* FeedImageViewModel.swift */ = {isa = PBXFileReference; lastKnownFileType = sourcecode.swift; path = FeedImageViewModel.swift; sourceTree = "<group>"; };
		E8AE2D422647DD2E00204450 /* RemoteFeedImageDataLoader.swift */ = {isa = PBXFileReference; lastKnownFileType = sourcecode.swift; path = RemoteFeedImageDataLoader.swift; sourceTree = "<group>"; };
		E8AE2D442647DE3400204450 /* LoadFeedImageDataFromRemoteUseCaseTests.swift */ = {isa = PBXFileReference; lastKnownFileType = sourcecode.swift; path = LoadFeedImageDataFromRemoteUseCaseTests.swift; sourceTree = "<group>"; };
		E8AE2D472647E01B00204450 /* HTTPURLResponse+StatusCode.swift */ = {isa = PBXFileReference; lastKnownFileType = sourcecode.swift; path = "HTTPURLResponse+StatusCode.swift"; sourceTree = "<group>"; };
		E8AE2D4A2647E22F00204450 /* HTTPClientSpy.swift */ = {isa = PBXFileReference; lastKnownFileType = sourcecode.swift; path = HTTPClientSpy.swift; sourceTree = "<group>"; };
		E8AE2D4C2647E25900204450 /* URLProtocolStub.swift */ = {isa = PBXFileReference; lastKnownFileType = sourcecode.swift; path = URLProtocolStub.swift; sourceTree = "<group>"; };
		E8AE2D4E264820C800204450 /* LocalFeedImageDataLoader.swift */ = {isa = PBXFileReference; lastKnownFileType = sourcecode.swift; path = LocalFeedImageDataLoader.swift; sourceTree = "<group>"; };
		E8AE2D502648218B00204450 /* FeedImageDataStore.swift */ = {isa = PBXFileReference; lastKnownFileType = sourcecode.swift; path = FeedImageDataStore.swift; sourceTree = "<group>"; };
		E8AE2D52264821B000204450 /* CoreDataFeedStore+FeedImageDataLoader.swift */ = {isa = PBXFileReference; lastKnownFileType = sourcecode.swift; path = "CoreDataFeedStore+FeedImageDataLoader.swift"; sourceTree = "<group>"; };
		E8AE2D542648220300204450 /* CoreDataFeedStore+FeedStore.swift */ = {isa = PBXFileReference; lastKnownFileType = sourcecode.swift; path = "CoreDataFeedStore+FeedStore.swift"; sourceTree = "<group>"; };
		E8AE2D562648242B00204450 /* CacheFeedImageDataUseCaseTests.swift */ = {isa = PBXFileReference; lastKnownFileType = sourcecode.swift; path = CacheFeedImageDataUseCaseTests.swift; sourceTree = "<group>"; };
		E8AE2D58264824A300204450 /* CoreDataFeedImageDataStoreTests.swift */ = {isa = PBXFileReference; lastKnownFileType = sourcecode.swift; path = CoreDataFeedImageDataStoreTests.swift; sourceTree = "<group>"; };
		E8AE2D5A2648253D00204450 /* FeedImageDataStoreSpy.swift */ = {isa = PBXFileReference; lastKnownFileType = sourcecode.swift; path = FeedImageDataStoreSpy.swift; sourceTree = "<group>"; };
		E8AE2D5C2648257000204450 /* LoadFeedImageDataFromCacheUseCaseTests.swift */ = {isa = PBXFileReference; lastKnownFileType = sourcecode.swift; path = LoadFeedImageDataFromCacheUseCaseTests.swift; sourceTree = "<group>"; };
		E8AE2D5E26482BB000204450 /* FeedStore 2.xcdatamodel */ = {isa = PBXFileReference; lastKnownFileType = wrapper.xcdatamodel; path = "FeedStore 2.xcdatamodel"; sourceTree = "<group>"; };
		E8AE2E0D264B2B7400204450 /* FeedCache.swift */ = {isa = PBXFileReference; lastKnownFileType = sourcecode.swift; path = FeedCache.swift; sourceTree = "<group>"; };
		E8AE2E17264C173800204450 /* FeedImageDataCache.swift */ = {isa = PBXFileReference; lastKnownFileType = sourcecode.swift; path = FeedImageDataCache.swift; sourceTree = "<group>"; };
		E8AE2E49265061FD00204450 /* FeedSnapshotTests.swift */ = {isa = PBXFileReference; lastKnownFileType = sourcecode.swift; path = FeedSnapshotTests.swift; sourceTree = "<group>"; };
		E8AE2E4C2650694900204450 /* UIImage+TestHelpers.swift */ = {isa = PBXFileReference; lastKnownFileType = sourcecode.swift; path = "UIImage+TestHelpers.swift"; sourceTree = "<group>"; };
		E8AE2E4E26506BB400204450 /* UITableView+HeaderSizing.swift */ = {isa = PBXFileReference; lastKnownFileType = sourcecode.swift; path = "UITableView+HeaderSizing.swift"; sourceTree = "<group>"; };
		E8AE2E50265075F600204450 /* UIViewController+Snapshot.swift */ = {isa = PBXFileReference; lastKnownFileType = sourcecode.swift; path = "UIViewController+Snapshot.swift"; sourceTree = "<group>"; };
		E8AE2E522650766700204450 /* XCTestCase+Snapshot.swift */ = {isa = PBXFileReference; lastKnownFileType = sourcecode.swift; path = "XCTestCase+Snapshot.swift"; sourceTree = "<group>"; };
		E8AE2E5B26511B5800204450 /* EssentialFeedAPI.framework */ = {isa = PBXFileReference; explicitFileType = wrapper.framework; includeInIndex = 0; path = EssentialFeedAPI.framework; sourceTree = BUILT_PRODUCTS_DIR; };
		E8AE2E5E26511B5800204450 /* Info.plist */ = {isa = PBXFileReference; lastKnownFileType = text.plist.xml; path = Info.plist; sourceTree = "<group>"; };
		E8AE2E6326511B5800204450 /* EssentialFeedAPITests.xctest */ = {isa = PBXFileReference; explicitFileType = wrapper.cfbundle; includeInIndex = 0; path = EssentialFeedAPITests.xctest; sourceTree = BUILT_PRODUCTS_DIR; };
		E8AE2E6A26511B5800204450 /* Info.plist */ = {isa = PBXFileReference; lastKnownFileType = text.plist.xml; path = Info.plist; sourceTree = "<group>"; };
		E8AE2E8826531DC700204450 /* ImageCommentsMapperTests.swift */ = {isa = PBXFileReference; lastKnownFileType = sourcecode.swift; path = ImageCommentsMapperTests.swift; sourceTree = "<group>"; };
		E8AE2E8C26531FD100204450 /* ImageCommentsMapper.swift */ = {isa = PBXFileReference; lastKnownFileType = sourcecode.swift; path = ImageCommentsMapper.swift; sourceTree = "<group>"; };
		E8DC7BEA263B557400B85F4C /* FeedImageDataLoader.swift */ = {isa = PBXFileReference; lastKnownFileType = sourcecode.swift; path = FeedImageDataLoader.swift; sourceTree = "<group>"; };
		E8DC7BEE263C28FC00B85F4C /* FeedImageCellController.swift */ = {isa = PBXFileReference; lastKnownFileType = sourcecode.swift; path = FeedImageCellController.swift; sourceTree = "<group>"; };
		E8DFC617264487FE0091F22A /* FeedPresenterTests.swift */ = {isa = PBXFileReference; lastKnownFileType = sourcecode.swift; path = FeedPresenterTests.swift; sourceTree = "<group>"; };
		E8DFC61B26448D350091F22A /* ErrorView.swift */ = {isa = PBXFileReference; lastKnownFileType = sourcecode.swift; path = ErrorView.swift; sourceTree = "<group>"; };
		E8DFC62026448DBD0091F22A /* UIRefreshControl+Helpers.swift */ = {isa = PBXFileReference; lastKnownFileType = sourcecode.swift; path = "UIRefreshControl+Helpers.swift"; sourceTree = "<group>"; };
		E8FE015C2659761C000A6CB2 /* RemoteLoaderTests.swift */ = {isa = PBXFileReference; lastKnownFileType = sourcecode.swift; path = RemoteLoaderTests.swift; sourceTree = "<group>"; };
		E8FE015E26597709000A6CB2 /* RemoteLoader.swift */ = {isa = PBXFileReference; lastKnownFileType = sourcecode.swift; path = RemoteLoader.swift; sourceTree = "<group>"; };
		E8FE0167265A8BB3000A6CB2 /* LoadResourcePresenterTests.swift */ = {isa = PBXFileReference; lastKnownFileType = sourcecode.swift; path = LoadResourcePresenterTests.swift; sourceTree = "<group>"; };
		E8FE016A265A8CA6000A6CB2 /* LoadResourcePresenter.swift */ = {isa = PBXFileReference; lastKnownFileType = sourcecode.swift; path = LoadResourcePresenter.swift; sourceTree = "<group>"; };
		E8FE016E265AD0BF000A6CB2 /* SharedLocalizationTests.swift */ = {isa = PBXFileReference; lastKnownFileType = sourcecode.swift; path = SharedLocalizationTests.swift; sourceTree = "<group>"; };
		E8FE0171265AD1D5000A6CB2 /* en */ = {isa = PBXFileReference; lastKnownFileType = text.plist.strings; name = en; path = en.lproj/Shared.strings; sourceTree = "<group>"; };
		E8FE0173265AD1DA000A6CB2 /* el */ = {isa = PBXFileReference; lastKnownFileType = text.plist.strings; name = el; path = el.lproj/Shared.strings; sourceTree = "<group>"; };
		E8FE0174265AD1DC000A6CB2 /* pt-BR */ = {isa = PBXFileReference; lastKnownFileType = text.plist.strings; name = "pt-BR"; path = "pt-BR.lproj/Shared.strings"; sourceTree = "<group>"; };
		E8FE9F02262B29940096557A /* FeedCachePolicy.swift */ = {isa = PBXFileReference; lastKnownFileType = sourcecode.swift; path = FeedCachePolicy.swift; sourceTree = "<group>"; };
		E8FE9F11262CB1790096557A /* FeedStoreSpecs.swift */ = {isa = PBXFileReference; lastKnownFileType = sourcecode.swift; path = FeedStoreSpecs.swift; sourceTree = "<group>"; };
		E8FE9F16262CB1D00096557A /* XCTestCase+FeedStoreSpecs.swift */ = {isa = PBXFileReference; lastKnownFileType = sourcecode.swift; path = "XCTestCase+FeedStoreSpecs.swift"; sourceTree = "<group>"; };
		E8FE9F1B262ED7990096557A /* CoreDataFeedStoreSpecs.swift */ = {isa = PBXFileReference; lastKnownFileType = sourcecode.swift; path = CoreDataFeedStoreSpecs.swift; sourceTree = "<group>"; };
		E8FE9F22262EDDAE0096557A /* CoreDataFeedStore.swift */ = {isa = PBXFileReference; lastKnownFileType = sourcecode.swift; path = CoreDataFeedStore.swift; sourceTree = "<group>"; };
		E8FE9F27262EDDFA0096557A /* CoreDataHelpers.swift */ = {isa = PBXFileReference; lastKnownFileType = sourcecode.swift; path = CoreDataHelpers.swift; sourceTree = "<group>"; };
		E8FE9F2C262EDE570096557A /* ManagedCache.swift */ = {isa = PBXFileReference; lastKnownFileType = sourcecode.swift; path = ManagedCache.swift; sourceTree = "<group>"; };
		E8FE9F31262EDE870096557A /* ManagedFeedImage.swift */ = {isa = PBXFileReference; lastKnownFileType = sourcecode.swift; path = ManagedFeedImage.swift; sourceTree = "<group>"; };
		E8FE9F37262EDF070096557A /* FeedStore.xcdatamodel */ = {isa = PBXFileReference; lastKnownFileType = wrapper.xcdatamodel; path = FeedStore.xcdatamodel; sourceTree = "<group>"; };
		E8FE9F44262F09D00096557A /* EssentialFeedCacheIntegrationTests.xctest */ = {isa = PBXFileReference; explicitFileType = wrapper.cfbundle; includeInIndex = 0; path = EssentialFeedCacheIntegrationTests.xctest; sourceTree = BUILT_PRODUCTS_DIR; };
		E8FE9F46262F09D00096557A /* EssentialFeedCacheIntegrationTests.swift */ = {isa = PBXFileReference; lastKnownFileType = sourcecode.swift; path = EssentialFeedCacheIntegrationTests.swift; sourceTree = "<group>"; };
		E8FE9F48262F09D00096557A /* Info.plist */ = {isa = PBXFileReference; lastKnownFileType = text.plist.xml; path = Info.plist; sourceTree = "<group>"; };
		E8FF274F26244D1E00AF7C8D /* LoadFeedFromCacheUseCaseTests.swift */ = {isa = PBXFileReference; lastKnownFileType = sourcecode.swift; path = LoadFeedFromCacheUseCaseTests.swift; sourceTree = "<group>"; };
/* End PBXFileReference section */

/* Begin PBXFrameworksBuildPhase section */
		197FA92C261CFC9B00642300 /* Frameworks */ = {
			isa = PBXFrameworksBuildPhase;
			buildActionMask = 2147483647;
			files = (
			);
			runOnlyForDeploymentPostprocessing = 0;
		};
		197FA935261CFC9B00642300 /* Frameworks */ = {
			isa = PBXFrameworksBuildPhase;
			buildActionMask = 2147483647;
			files = (
				197FA939261CFC9B00642300 /* EssentialFeed.framework in Frameworks */,
			);
			runOnlyForDeploymentPostprocessing = 0;
		};
		197FA967261CFD6B00642300 /* Frameworks */ = {
			isa = PBXFrameworksBuildPhase;
			buildActionMask = 2147483647;
			files = (
				E8FE0165265A5936000A6CB2 /* EssentialFeedAPI.framework in Frameworks */,
				197FA96F261CFD6B00642300 /* EssentialFeed.framework in Frameworks */,
			);
			runOnlyForDeploymentPostprocessing = 0;
		};
		E82F3D9526355032003964FA /* Frameworks */ = {
			isa = PBXFrameworksBuildPhase;
			buildActionMask = 2147483647;
			files = (
				E82F3DE326359F54003964FA /* EssentialFeed.framework in Frameworks */,
			);
			runOnlyForDeploymentPostprocessing = 0;
		};
		E82F3D9D26355032003964FA /* Frameworks */ = {
			isa = PBXFrameworksBuildPhase;
			buildActionMask = 2147483647;
			files = (
				E82F3DA126355032003964FA /* EssentialFeediOS.framework in Frameworks */,
			);
			runOnlyForDeploymentPostprocessing = 0;
		};
		E8AE2E5826511B5800204450 /* Frameworks */ = {
			isa = PBXFrameworksBuildPhase;
			buildActionMask = 2147483647;
			files = (
				E8AE2E7226511BA900204450 /* EssentialFeed.framework in Frameworks */,
			);
			runOnlyForDeploymentPostprocessing = 0;
		};
		E8AE2E6026511B5800204450 /* Frameworks */ = {
			isa = PBXFrameworksBuildPhase;
			buildActionMask = 2147483647;
			files = (
				E8AE2E6426511B5800204450 /* EssentialFeedAPI.framework in Frameworks */,
			);
			runOnlyForDeploymentPostprocessing = 0;
		};
		E8FE9F41262F09D00096557A /* Frameworks */ = {
			isa = PBXFrameworksBuildPhase;
			buildActionMask = 2147483647;
			files = (
				E8FE9F49262F09D00096557A /* EssentialFeed.framework in Frameworks */,
			);
			runOnlyForDeploymentPostprocessing = 0;
		};
/* End PBXFrameworksBuildPhase section */

/* Begin PBXGroup section */
		197FA925261CFC9B00642300 = {
			isa = PBXGroup;
			children = (
				197FA931261CFC9B00642300 /* EssentialFeed */,
				197FA93C261CFC9B00642300 /* EssentialFeedTests */,
				197FA96B261CFD6B00642300 /* EssentialFeedAPIEndToEndTests */,
				E8FE9F45262F09D00096557A /* EssentialFeedCacheIntegrationTests */,
				E82F3D9926355032003964FA /* EssentialFeediOS */,
				E82F3DA426355032003964FA /* EssentialFeediOSTests */,
				E8AE2E5C26511B5800204450 /* EssentialFeedAPI */,
				E8AE2E6726511B5800204450 /* EssentialFeedAPITests */,
				197FA930261CFC9B00642300 /* Products */,
				E82F3DD326359D77003964FA /* Frameworks */,
			);
			sourceTree = "<group>";
		};
		197FA930261CFC9B00642300 /* Products */ = {
			isa = PBXGroup;
			children = (
				197FA92F261CFC9B00642300 /* EssentialFeed.framework */,
				197FA938261CFC9B00642300 /* EssentialFeedTests.xctest */,
				197FA96A261CFD6B00642300 /* EssentialFeedAPIEndToEndTests.xctest */,
				E8FE9F44262F09D00096557A /* EssentialFeedCacheIntegrationTests.xctest */,
				E82F3D9826355032003964FA /* EssentialFeediOS.framework */,
				E82F3DA026355032003964FA /* EssentialFeediOSTests.xctest */,
				E8AE2E5B26511B5800204450 /* EssentialFeedAPI.framework */,
				E8AE2E6326511B5800204450 /* EssentialFeedAPITests.xctest */,
			);
			name = Products;
			sourceTree = "<group>";
		};
		197FA931261CFC9B00642300 /* EssentialFeed */ = {
			isa = PBXGroup;
			children = (
				E8FE0169265A8C6E000A6CB2 /* SharedPresentation */,
				197FA933261CFC9B00642300 /* Info.plist */,
				E84B89652657F0C00058F768 /* SharedAPI */,
				E84B89662657F11A0058F768 /* SharedAPIInfra */,
				E84B896226545C800058F768 /* ImageCommentsFeature */,
				E84B896B2657F2C70058F768 /* ImageCommentsAPI */,
				E8AE2D302646880400204450 /* FeedPresentation */,
				E852B55A2623387C006630CF /* FeedCache */,
				197FA956261CFD1B00642300 /* FeedFeature */,
			);
			path = EssentialFeed;
			sourceTree = "<group>";
		};
		197FA93C261CFC9B00642300 /* EssentialFeedTests */ = {
			isa = PBXGroup;
			children = (
				E8FE0166265A8B67000A6CB2 /* SharedPresentation */,
				E8DFC616264487C90091F22A /* FeedPresentation */,
				E852B5512622DA94006630CF /* FeedCache */,
				197FA94D261CFD0F00642300 /* Helpers */,
				197FA93F261CFC9B00642300 /* Info.plist */,
			);
			path = EssentialFeedTests;
			sourceTree = "<group>";
		};
		197FA94D261CFD0F00642300 /* Helpers */ = {
			isa = PBXGroup;
			children = (
				E8281A7E262AECC000DDD1AD /* FeedCacheTestHelpers.swift */,
				197FA94E261CFD0F00642300 /* XCTestCase+MemoryLeakTrack.swift */,
				E8281A8B262AEDC300DDD1AD /* SharedTestHelpers.swift */,
			);
			path = Helpers;
			sourceTree = "<group>";
		};
		197FA956261CFD1B00642300 /* FeedFeature */ = {
			isa = PBXGroup;
			children = (
				E8DC7BEA263B557400B85F4C /* FeedImageDataLoader.swift */,
				197FA957261CFD1B00642300 /* FeedLoader.swift */,
				197FA95A261CFD1B00642300 /* FeedImage.swift */,
				E8AE2E0D264B2B7400204450 /* FeedCache.swift */,
				E8AE2E17264C173800204450 /* FeedImageDataCache.swift */,
			);
			path = FeedFeature;
			sourceTree = "<group>";
		};
		197FA96B261CFD6B00642300 /* EssentialFeedAPIEndToEndTests */ = {
			isa = PBXGroup;
			children = (
				197FA96C261CFD6B00642300 /* EssentialFeedAPIEndToEndTests.swift */,
				197FA96E261CFD6B00642300 /* Info.plist */,
			);
			path = EssentialFeedAPIEndToEndTests;
			sourceTree = "<group>";
		};
		E82F3D9926355032003964FA /* EssentialFeediOS */ = {
			isa = PBXGroup;
			children = (
				E8DC7BE2263B547F00B85F4C /* FeedUI */,
				E82F3D9B26355032003964FA /* Info.plist */,
			);
			path = EssentialFeediOS;
			sourceTree = "<group>";
		};
		E82F3DA426355032003964FA /* EssentialFeediOSTests */ = {
			isa = PBXGroup;
			children = (
				E8AE2E4B2650693A00204450 /* Helpers */,
				E82F3DA726355032003964FA /* Info.plist */,
				E8AE2E49265061FD00204450 /* FeedSnapshotTests.swift */,
			);
			path = EssentialFeediOSTests;
			sourceTree = "<group>";
		};
		E82F3DD326359D77003964FA /* Frameworks */ = {
			isa = PBXGroup;
			children = (
			);
			name = Frameworks;
			sourceTree = "<group>";
		};
		E84B896226545C800058F768 /* ImageCommentsFeature */ = {
			isa = PBXGroup;
			children = (
				E84B896326545CC20058F768 /* ImageComment.swift */,
			);
			path = ImageCommentsFeature;
			sourceTree = "<group>";
		};
		E84B89652657F0C00058F768 /* SharedAPI */ = {
			isa = PBXGroup;
			children = (
				197FA959261CFD1B00642300 /* HTTPClient.swift */,
				E8FE015E26597709000A6CB2 /* RemoteLoader.swift */,
			);
			path = SharedAPI;
			sourceTree = "<group>";
		};
		E84B89662657F11A0058F768 /* SharedAPIInfra */ = {
			isa = PBXGroup;
			children = (
				197FA95C261CFD1B00642300 /* URLSessionHTTPClient.swift */,
			);
			path = SharedAPIInfra;
			sourceTree = "<group>";
		};
		E84B89672657F1780058F768 /* SharedAPI */ = {
			isa = PBXGroup;
			children = (
				E84B89682657F1830058F768 /* Helpers */,
				E8FE015C2659761C000A6CB2 /* RemoteLoaderTests.swift */,
			);
			path = SharedAPI;
			sourceTree = "<group>";
		};
		E84B89682657F1830058F768 /* Helpers */ = {
			isa = PBXGroup;
			children = (
				E8AE2D4A2647E22F00204450 /* HTTPClientSpy.swift */,
			);
			path = Helpers;
			sourceTree = "<group>";
		};
		E84B89692657F1B80058F768 /* SharedAPIInfra */ = {
			isa = PBXGroup;
			children = (
				E84B896A2657F1E20058F768 /* Helpers */,
				197FA94C261CFD0F00642300 /* URLSessionHTTPClientTest.swift */,
			);
			path = SharedAPIInfra;
			sourceTree = "<group>";
		};
		E84B896A2657F1E20058F768 /* Helpers */ = {
			isa = PBXGroup;
			children = (
				E8AE2D4C2647E25900204450 /* URLProtocolStub.swift */,
			);
			path = Helpers;
			sourceTree = "<group>";
		};
		E84B896B2657F2C70058F768 /* ImageCommentsAPI */ = {
			isa = PBXGroup;
			children = (
				E8AE2E8C26531FD100204450 /* ImageCommentsMapper.swift */,
			);
			path = ImageCommentsAPI;
			sourceTree = "<group>";
		};
		E84B896C2657F3110058F768 /* ImageCommentsAPI */ = {
			isa = PBXGroup;
			children = (
				E8AE2E8826531DC700204450 /* ImageCommentsMapperTests.swift */,
			);
			path = ImageCommentsAPI;
			sourceTree = "<group>";
		};
		E8521A0426248C77006DE18E /* Helpers */ = {
			isa = PBXGroup;
			children = (
				E8521A0526248C97006DE18E /* FeedStoreSpy.swift */,
				E8AE2D5A2648253D00204450 /* FeedImageDataStoreSpy.swift */,
			);
			path = Helpers;
			sourceTree = "<group>";
		};
		E852B5512622DA94006630CF /* FeedCache */ = {
			isa = PBXGroup;
			children = (
				E8521A0426248C77006DE18E /* Helpers */,
				E852B5522622DAD2006630CF /* CacheFeedUseCaseTest.swift */,
				E8FF274F26244D1E00AF7C8D /* LoadFeedFromCacheUseCaseTests.swift */,
				E8281A762629CA6C00DDD1AD /* ValidateFeedCacheUseCaseTests.swift */,
				E8FE9F11262CB1790096557A /* FeedStoreSpecs.swift */,
				E8FE9F16262CB1D00096557A /* XCTestCase+FeedStoreSpecs.swift */,
				E8FE9F1B262ED7990096557A /* CoreDataFeedStoreSpecs.swift */,
				E8AE2D562648242B00204450 /* CacheFeedImageDataUseCaseTests.swift */,
				E8AE2D58264824A300204450 /* CoreDataFeedImageDataStoreTests.swift */,
				E8AE2D5C2648257000204450 /* LoadFeedImageDataFromCacheUseCaseTests.swift */,
			);
			path = FeedCache;
			sourceTree = "<group>";
		};
		E852B55A2623387C006630CF /* FeedCache */ = {
			isa = PBXGroup;
			children = (
				E8FE9F20262EDD8E0096557A /* Infrastructure */,
				E852B55B26233893006630CF /* LocalFeedLoader.swift */,
				E852B56026233945006630CF /* FeedStore.swift */,
				E852B56A262371FC006630CF /* LocalFeedImage.swift */,
				E8FE9F02262B29940096557A /* FeedCachePolicy.swift */,
				E8AE2D4E264820C800204450 /* LocalFeedImageDataLoader.swift */,
				E8AE2D502648218B00204450 /* FeedImageDataStore.swift */,
			);
			path = FeedCache;
			sourceTree = "<group>";
		};
		E8AE2D302646880400204450 /* FeedPresentation */ = {
			isa = PBXGroup;
			children = (
				E8AE2D312646881F00204450 /* FeedPresenter.swift */,
				E8AE2D2D2646865F00204450 /* Feed.strings */,
				E8AE2D342646893E00204450 /* FeedViewModel.swift */,
				E8AE2D362646896400204450 /* FeedLoadingViewModel.swift */,
				E8AE2D382646898100204450 /* FeedErrorViewModel.swift */,
				E8AE2D3D26473A4400204450 /* FeedImagePresenter.swift */,
				E8AE2D3F26473B8600204450 /* FeedImageViewModel.swift */,
			);
			path = FeedPresentation;
			sourceTree = "<group>";
		};
		E8AE2D462647E00C00204450 /* Helpers */ = {
			isa = PBXGroup;
			children = (
				E8AE2D472647E01B00204450 /* HTTPURLResponse+StatusCode.swift */,
			);
			path = Helpers;
			sourceTree = "<group>";
		};
		E8AE2E4B2650693A00204450 /* Helpers */ = {
			isa = PBXGroup;
			children = (
				E8AE2E4C2650694900204450 /* UIImage+TestHelpers.swift */,
				E8AE2E50265075F600204450 /* UIViewController+Snapshot.swift */,
				E8AE2E522650766700204450 /* XCTestCase+Snapshot.swift */,
			);
			path = Helpers;
			sourceTree = "<group>";
		};
		E8AE2E5C26511B5800204450 /* EssentialFeedAPI */ = {
			isa = PBXGroup;
			children = (
				E8AE2D462647E00C00204450 /* Helpers */,
				197FA958261CFD1B00642300 /* FeedItemsMapper.swift */,
				E8AE2D422647DD2E00204450 /* RemoteFeedImageDataLoader.swift */,
				E8AE2E5E26511B5800204450 /* Info.plist */,
			);
			path = EssentialFeedAPI;
			sourceTree = "<group>";
		};
		E8AE2E6726511B5800204450 /* EssentialFeedAPITests */ = {
			isa = PBXGroup;
			children = (
				E8AE2E6A26511B5800204450 /* Info.plist */,
				E84B896C2657F3110058F768 /* ImageCommentsAPI */,
				E84B89672657F1780058F768 /* SharedAPI */,
				E84B89692657F1B80058F768 /* SharedAPIInfra */,
				197FA94B261CFD0F00642300 /* FeedItemsMapperTests.swift */,
				E8AE2D442647DE3400204450 /* LoadFeedImageDataFromRemoteUseCaseTests.swift */,
			);
			path = EssentialFeedAPITests;
			sourceTree = "<group>";
		};
		E8DC7BE2263B547F00B85F4C /* FeedUI */ = {
			isa = PBXGroup;
			children = (
				E8DC7BE4263B54CA00B85F4C /* Views */,
				E8DC7BE3263B549D00B85F4C /* Controllers */,
			);
			path = FeedUI;
			sourceTree = "<group>";
		};
		E8DC7BE3263B549D00B85F4C /* Controllers */ = {
			isa = PBXGroup;
			children = (
				E82F3DF32635DBB3003964FA /* FeedViewController.swift */,
				E8DC7BEE263C28FC00B85F4C /* FeedImageCellController.swift */,
			);
			path = Controllers;
			sourceTree = "<group>";
		};
		E8DC7BE4263B54CA00B85F4C /* Views */ = {
			isa = PBXGroup;
			children = (
				E8DFC61F26448DAC0091F22A /* Helpers */,
				E82F3DFA26360B50003964FA /* FeedImageCell.swift */,
				E82F3E01263763B7003964FA /* UIView+Shimmering.swift */,
				E8070DB9263FE16E00717354 /* Feed.storyboard */,
				E8070DBB263FE22F00717354 /* Feed.xcassets */,
				E8070DBD263FF1D700717354 /* UITableView+Dequeueing.swift */,
				E8070DBF263FF34C00717354 /* UIImageView+Animations.swift */,
				E8DFC61B26448D350091F22A /* ErrorView.swift */,
			);
			path = Views;
			sourceTree = "<group>";
		};
		E8DFC616264487C90091F22A /* FeedPresentation */ = {
			isa = PBXGroup;
			children = (
				E8070DCB2640949600717354 /* FeedLocalizationTests.swift */,
				E8DFC617264487FE0091F22A /* FeedPresenterTests.swift */,
				E8AE2D3B26472ABE00204450 /* FeedImagePresenterTests.swift */,
			);
			path = FeedPresentation;
			sourceTree = "<group>";
		};
		E8DFC61F26448DAC0091F22A /* Helpers */ = {
			isa = PBXGroup;
			children = (
				E8DFC62026448DBD0091F22A /* UIRefreshControl+Helpers.swift */,
				E8AE2E4E26506BB400204450 /* UITableView+HeaderSizing.swift */,
			);
			path = Helpers;
			sourceTree = "<group>";
		};
		E8FE0166265A8B67000A6CB2 /* SharedPresentation */ = {
			isa = PBXGroup;
			children = (
				E8FE0167265A8BB3000A6CB2 /* LoadResourcePresenterTests.swift */,
				E8FE016E265AD0BF000A6CB2 /* SharedLocalizationTests.swift */,
			);
			path = SharedPresentation;
			sourceTree = "<group>";
		};
		E8FE0169265A8C6E000A6CB2 /* SharedPresentation */ = {
			isa = PBXGroup;
			children = (
				E8FE016A265A8CA6000A6CB2 /* LoadResourcePresenter.swift */,
				E8FE0172265AD1D5000A6CB2 /* Shared.strings */,
			);
			path = SharedPresentation;
			sourceTree = "<group>";
		};
		E8FE9F20262EDD8E0096557A /* Infrastructure */ = {
			isa = PBXGroup;
			children = (
				E8FE9F21262EDD9F0096557A /* CoreData */,
			);
			path = Infrastructure;
			sourceTree = "<group>";
		};
		E8FE9F21262EDD9F0096557A /* CoreData */ = {
			isa = PBXGroup;
			children = (
				E8FE9F22262EDDAE0096557A /* CoreDataFeedStore.swift */,
				E8FE9F27262EDDFA0096557A /* CoreDataHelpers.swift */,
				E8FE9F2C262EDE570096557A /* ManagedCache.swift */,
				E8FE9F31262EDE870096557A /* ManagedFeedImage.swift */,
				E8FE9F36262EDF070096557A /* FeedStore.xcdatamodeld */,
				E8AE2D52264821B000204450 /* CoreDataFeedStore+FeedImageDataLoader.swift */,
				E8AE2D542648220300204450 /* CoreDataFeedStore+FeedStore.swift */,
			);
			path = CoreData;
			sourceTree = "<group>";
		};
		E8FE9F45262F09D00096557A /* EssentialFeedCacheIntegrationTests */ = {
			isa = PBXGroup;
			children = (
				E8FE9F46262F09D00096557A /* EssentialFeedCacheIntegrationTests.swift */,
				E8FE9F48262F09D00096557A /* Info.plist */,
			);
			path = EssentialFeedCacheIntegrationTests;
			sourceTree = "<group>";
		};
/* End PBXGroup section */

/* Begin PBXHeadersBuildPhase section */
		197FA92A261CFC9B00642300 /* Headers */ = {
			isa = PBXHeadersBuildPhase;
			buildActionMask = 2147483647;
			files = (
			);
			runOnlyForDeploymentPostprocessing = 0;
		};
		E82F3D9326355032003964FA /* Headers */ = {
			isa = PBXHeadersBuildPhase;
			buildActionMask = 2147483647;
			files = (
			);
			runOnlyForDeploymentPostprocessing = 0;
		};
		E8AE2E5626511B5800204450 /* Headers */ = {
			isa = PBXHeadersBuildPhase;
			buildActionMask = 2147483647;
			files = (
			);
			runOnlyForDeploymentPostprocessing = 0;
		};
/* End PBXHeadersBuildPhase section */

/* Begin PBXNativeTarget section */
		197FA92E261CFC9B00642300 /* EssentialFeed */ = {
			isa = PBXNativeTarget;
			buildConfigurationList = 197FA943261CFC9B00642300 /* Build configuration list for PBXNativeTarget "EssentialFeed" */;
			buildPhases = (
				197FA92A261CFC9B00642300 /* Headers */,
				197FA92B261CFC9B00642300 /* Sources */,
				197FA92C261CFC9B00642300 /* Frameworks */,
				197FA92D261CFC9B00642300 /* Resources */,
			);
			buildRules = (
			);
			dependencies = (
			);
			name = EssentialFeed;
			productName = EssentialFeed;
			productReference = 197FA92F261CFC9B00642300 /* EssentialFeed.framework */;
			productType = "com.apple.product-type.framework";
		};
		197FA937261CFC9B00642300 /* EssentialFeedTests */ = {
			isa = PBXNativeTarget;
			buildConfigurationList = 197FA946261CFC9B00642300 /* Build configuration list for PBXNativeTarget "EssentialFeedTests" */;
			buildPhases = (
				197FA934261CFC9B00642300 /* Sources */,
				197FA935261CFC9B00642300 /* Frameworks */,
				197FA936261CFC9B00642300 /* Resources */,
			);
			buildRules = (
			);
			dependencies = (
				197FA93B261CFC9B00642300 /* PBXTargetDependency */,
			);
			name = EssentialFeedTests;
			productName = EssentialFeedTests;
			productReference = 197FA938261CFC9B00642300 /* EssentialFeedTests.xctest */;
			productType = "com.apple.product-type.bundle.unit-test";
		};
		197FA969261CFD6B00642300 /* EssentialFeedAPIEndToEndTests */ = {
			isa = PBXNativeTarget;
			buildConfigurationList = 197FA972261CFD6B00642300 /* Build configuration list for PBXNativeTarget "EssentialFeedAPIEndToEndTests" */;
			buildPhases = (
				197FA966261CFD6B00642300 /* Sources */,
				197FA967261CFD6B00642300 /* Frameworks */,
				197FA968261CFD6B00642300 /* Resources */,
			);
			buildRules = (
			);
			dependencies = (
				E8FE0164265A592B000A6CB2 /* PBXTargetDependency */,
				197FA971261CFD6B00642300 /* PBXTargetDependency */,
			);
			name = EssentialFeedAPIEndToEndTests;
			productName = EssentialFeedAPIEndToEndTests;
			productReference = 197FA96A261CFD6B00642300 /* EssentialFeedAPIEndToEndTests.xctest */;
			productType = "com.apple.product-type.bundle.unit-test";
		};
		E82F3D9726355032003964FA /* EssentialFeediOS */ = {
			isa = PBXNativeTarget;
			buildConfigurationList = E82F3DA926355032003964FA /* Build configuration list for PBXNativeTarget "EssentialFeediOS" */;
			buildPhases = (
				E82F3D9326355032003964FA /* Headers */,
				E82F3D9426355032003964FA /* Sources */,
				E82F3D9526355032003964FA /* Frameworks */,
				E82F3D9626355032003964FA /* Resources */,
				E82F3DE726359F54003964FA /* Embed Frameworks */,
			);
			buildRules = (
			);
			dependencies = (
				E82F3DE626359F54003964FA /* PBXTargetDependency */,
			);
			name = EssentialFeediOS;
			productName = EssentialFeediOS;
			productReference = E82F3D9826355032003964FA /* EssentialFeediOS.framework */;
			productType = "com.apple.product-type.framework";
		};
		E82F3D9F26355032003964FA /* EssentialFeediOSTests */ = {
			isa = PBXNativeTarget;
			buildConfigurationList = E82F3DAC26355032003964FA /* Build configuration list for PBXNativeTarget "EssentialFeediOSTests" */;
			buildPhases = (
				E82F3D9C26355032003964FA /* Sources */,
				E82F3D9D26355032003964FA /* Frameworks */,
				E82F3D9E26355032003964FA /* Resources */,
			);
			buildRules = (
			);
			dependencies = (
				E82F3DA326355032003964FA /* PBXTargetDependency */,
			);
			name = EssentialFeediOSTests;
			productName = EssentialFeediOSTests;
			productReference = E82F3DA026355032003964FA /* EssentialFeediOSTests.xctest */;
			productType = "com.apple.product-type.bundle.unit-test";
		};
		E8AE2E5A26511B5800204450 /* EssentialFeedAPI */ = {
			isa = PBXNativeTarget;
			buildConfigurationList = E8AE2E6C26511B5800204450 /* Build configuration list for PBXNativeTarget "EssentialFeedAPI" */;
			buildPhases = (
				E8AE2E5626511B5800204450 /* Headers */,
				E8AE2E5726511B5800204450 /* Sources */,
				E8AE2E5826511B5800204450 /* Frameworks */,
				E8AE2E5926511B5800204450 /* Resources */,
				E8AE2E7626511BA900204450 /* Embed Frameworks */,
			);
			buildRules = (
			);
			dependencies = (
				E8AE2E7526511BA900204450 /* PBXTargetDependency */,
			);
			name = EssentialFeedAPI;
			productName = EssentialFeedAPI;
			productReference = E8AE2E5B26511B5800204450 /* EssentialFeedAPI.framework */;
			productType = "com.apple.product-type.framework";
		};
		E8AE2E6226511B5800204450 /* EssentialFeedAPITests */ = {
			isa = PBXNativeTarget;
			buildConfigurationList = E8AE2E6F26511B5800204450 /* Build configuration list for PBXNativeTarget "EssentialFeedAPITests" */;
			buildPhases = (
				E8AE2E5F26511B5800204450 /* Sources */,
				E8AE2E6026511B5800204450 /* Frameworks */,
				E8AE2E6126511B5800204450 /* Resources */,
			);
			buildRules = (
			);
			dependencies = (
				E8AE2E6626511B5800204450 /* PBXTargetDependency */,
			);
			name = EssentialFeedAPITests;
			productName = EssentialFeedAPITests;
			productReference = E8AE2E6326511B5800204450 /* EssentialFeedAPITests.xctest */;
			productType = "com.apple.product-type.bundle.unit-test";
		};
		E8FE9F43262F09D00096557A /* EssentialFeedCacheIntegrationTests */ = {
			isa = PBXNativeTarget;
			buildConfigurationList = E8FE9F4C262F09D00096557A /* Build configuration list for PBXNativeTarget "EssentialFeedCacheIntegrationTests" */;
			buildPhases = (
				E8FE9F40262F09D00096557A /* Sources */,
				E8FE9F41262F09D00096557A /* Frameworks */,
				E8FE9F42262F09D00096557A /* Resources */,
			);
			buildRules = (
			);
			dependencies = (
				E8FE9F4B262F09D00096557A /* PBXTargetDependency */,
			);
			name = EssentialFeedCacheIntegrationTests;
			productName = EssentialFeedCacheIntegrationTests;
			productReference = E8FE9F44262F09D00096557A /* EssentialFeedCacheIntegrationTests.xctest */;
			productType = "com.apple.product-type.bundle.unit-test";
		};
/* End PBXNativeTarget section */

/* Begin PBXProject section */
		197FA926261CFC9B00642300 /* Project object */ = {
			isa = PBXProject;
			attributes = {
				LastSwiftUpdateCheck = 1250;
				LastUpgradeCheck = 1240;
				TargetAttributes = {
					197FA92E261CFC9B00642300 = {
						CreatedOnToolsVersion = 12.4;
					};
					197FA937261CFC9B00642300 = {
						CreatedOnToolsVersion = 12.4;
					};
					197FA969261CFD6B00642300 = {
						CreatedOnToolsVersion = 12.4;
					};
					E82F3D9726355032003964FA = {
						CreatedOnToolsVersion = 12.4;
						LastSwiftMigration = 1240;
					};
					E82F3D9F26355032003964FA = {
						CreatedOnToolsVersion = 12.4;
						LastSwiftMigration = 1240;
					};
					E8AE2E5A26511B5800204450 = {
						CreatedOnToolsVersion = 12.5;
					};
					E8AE2E6226511B5800204450 = {
						CreatedOnToolsVersion = 12.5;
					};
					E8FE9F43262F09D00096557A = {
						CreatedOnToolsVersion = 12.4;
					};
				};
			};
			buildConfigurationList = 197FA929261CFC9B00642300 /* Build configuration list for PBXProject "EssentialFeed" */;
			compatibilityVersion = "Xcode 9.3";
			developmentRegion = en;
			hasScannedForEncodings = 0;
			knownRegions = (
				en,
				Base,
				"pt-BR",
				el,
			);
			mainGroup = 197FA925261CFC9B00642300;
			productRefGroup = 197FA930261CFC9B00642300 /* Products */;
			projectDirPath = "";
			projectRoot = "";
			targets = (
				197FA92E261CFC9B00642300 /* EssentialFeed */,
				197FA937261CFC9B00642300 /* EssentialFeedTests */,
				197FA969261CFD6B00642300 /* EssentialFeedAPIEndToEndTests */,
				E8FE9F43262F09D00096557A /* EssentialFeedCacheIntegrationTests */,
				E82F3D9726355032003964FA /* EssentialFeediOS */,
				E82F3D9F26355032003964FA /* EssentialFeediOSTests */,
				E8AE2E5A26511B5800204450 /* EssentialFeedAPI */,
				E8AE2E6226511B5800204450 /* EssentialFeedAPITests */,
			);
		};
/* End PBXProject section */

/* Begin PBXResourcesBuildPhase section */
		197FA92D261CFC9B00642300 /* Resources */ = {
			isa = PBXResourcesBuildPhase;
			buildActionMask = 2147483647;
			files = (
				E8AE2D332646890400204450 /* Feed.strings in Resources */,
				E8FE0170265AD1D5000A6CB2 /* Shared.strings in Resources */,
			);
			runOnlyForDeploymentPostprocessing = 0;
		};
		197FA936261CFC9B00642300 /* Resources */ = {
			isa = PBXResourcesBuildPhase;
			buildActionMask = 2147483647;
			files = (
			);
			runOnlyForDeploymentPostprocessing = 0;
		};
		197FA968261CFD6B00642300 /* Resources */ = {
			isa = PBXResourcesBuildPhase;
			buildActionMask = 2147483647;
			files = (
			);
			runOnlyForDeploymentPostprocessing = 0;
		};
		E82F3D9626355032003964FA /* Resources */ = {
			isa = PBXResourcesBuildPhase;
			buildActionMask = 2147483647;
			files = (
				E8070DBA263FE16E00717354 /* Feed.storyboard in Resources */,
				E8070DBC263FE22F00717354 /* Feed.xcassets in Resources */,
			);
			runOnlyForDeploymentPostprocessing = 0;
		};
		E82F3D9E26355032003964FA /* Resources */ = {
			isa = PBXResourcesBuildPhase;
			buildActionMask = 2147483647;
			files = (
			);
			runOnlyForDeploymentPostprocessing = 0;
		};
		E8AE2E5926511B5800204450 /* Resources */ = {
			isa = PBXResourcesBuildPhase;
			buildActionMask = 2147483647;
			files = (
			);
			runOnlyForDeploymentPostprocessing = 0;
		};
		E8AE2E6126511B5800204450 /* Resources */ = {
			isa = PBXResourcesBuildPhase;
			buildActionMask = 2147483647;
			files = (
			);
			runOnlyForDeploymentPostprocessing = 0;
		};
		E8FE9F42262F09D00096557A /* Resources */ = {
			isa = PBXResourcesBuildPhase;
			buildActionMask = 2147483647;
			files = (
			);
			runOnlyForDeploymentPostprocessing = 0;
		};
/* End PBXResourcesBuildPhase section */

/* Begin PBXSourcesBuildPhase section */
		197FA92B261CFC9B00642300 /* Sources */ = {
			isa = PBXSourcesBuildPhase;
			buildActionMask = 2147483647;
			files = (
				E8AE2D4F264820C800204450 /* LocalFeedImageDataLoader.swift in Sources */,
				E8FE9F2D262EDE570096557A /* ManagedCache.swift in Sources */,
				197FA961261CFD1B00642300 /* FeedImage.swift in Sources */,
				E8AE2D4026473B8600204450 /* FeedImageViewModel.swift in Sources */,
				E8FE9F03262B29940096557A /* FeedCachePolicy.swift in Sources */,
				E8FE9F32262EDE870096557A /* ManagedFeedImage.swift in Sources */,
				E8AE2D552648220300204450 /* CoreDataFeedStore+FeedStore.swift in Sources */,
				E8FE9F38262EDF070096557A /* FeedStore.xcdatamodeld in Sources */,
				E8FE9F28262EDDFA0096557A /* CoreDataHelpers.swift in Sources */,
				E8AE2D352646893E00204450 /* FeedViewModel.swift in Sources */,
				E8FE016B265A8CA6000A6CB2 /* LoadResourcePresenter.swift in Sources */,
				E84B896426545CC20058F768 /* ImageComment.swift in Sources */,
				197FA95E261CFD1B00642300 /* FeedLoader.swift in Sources */,
				E852B56B262371FC006630CF /* LocalFeedImage.swift in Sources */,
				E852B56126233945006630CF /* FeedStore.swift in Sources */,
				E852B55C26233893006630CF /* LocalFeedLoader.swift in Sources */,
				E8AE2E18264C173800204450 /* FeedImageDataCache.swift in Sources */,
				E8AE2D512648218B00204450 /* FeedImageDataStore.swift in Sources */,
				E8AE2D322646881F00204450 /* FeedPresenter.swift in Sources */,
				E8AE2D392646898100204450 /* FeedErrorViewModel.swift in Sources */,
				E8AE2D412647DB7A00204450 /* FeedImageDataLoader.swift in Sources */,
				E8AE2D372646896400204450 /* FeedLoadingViewModel.swift in Sources */,
				E8AE2D53264821B000204450 /* CoreDataFeedStore+FeedImageDataLoader.swift in Sources */,
				E8AE2D3E26473A4400204450 /* FeedImagePresenter.swift in Sources */,
				E8AE2E0E264B2B7400204450 /* FeedCache.swift in Sources */,
				E8FE9F23262EDDAE0096557A /* CoreDataFeedStore.swift in Sources */,
			);
			runOnlyForDeploymentPostprocessing = 0;
		};
		197FA934261CFC9B00642300 /* Sources */ = {
			isa = PBXSourcesBuildPhase;
			buildActionMask = 2147483647;
			files = (
				E8DFC618264487FE0091F22A /* FeedPresenterTests.swift in Sources */,
				E8281A7F262AECC000DDD1AD /* FeedCacheTestHelpers.swift in Sources */,
				E8281A772629CA6C00DDD1AD /* ValidateFeedCacheUseCaseTests.swift in Sources */,
				197FA951261CFD0F00642300 /* XCTestCase+MemoryLeakTrack.swift in Sources */,
				E8AE2D3A2646F88700204450 /* FeedLocalizationTests.swift in Sources */,
				E8FE9F1C262ED7990096557A /* CoreDataFeedStoreSpecs.swift in Sources */,
				E8AE2D3C26472ABE00204450 /* FeedImagePresenterTests.swift in Sources */,
				E8521A0626248C97006DE18E /* FeedStoreSpy.swift in Sources */,
				E8281A8C262AEDC300DDD1AD /* SharedTestHelpers.swift in Sources */,
				E8AE2D59264824A300204450 /* CoreDataFeedImageDataStoreTests.swift in Sources */,
				E852B5532622DAD2006630CF /* CacheFeedUseCaseTest.swift in Sources */,
				E8AE2D572648242B00204450 /* CacheFeedImageDataUseCaseTests.swift in Sources */,
				E8FE0168265A8BB3000A6CB2 /* LoadResourcePresenterTests.swift in Sources */,
				E8FF275026244D1E00AF7C8D /* LoadFeedFromCacheUseCaseTests.swift in Sources */,
				E8FE016F265AD0BF000A6CB2 /* SharedLocalizationTests.swift in Sources */,
				E8FE9F12262CB1790096557A /* FeedStoreSpecs.swift in Sources */,
				E8AE2D5D2648257000204450 /* LoadFeedImageDataFromCacheUseCaseTests.swift in Sources */,
				E8AE2D5B2648253D00204450 /* FeedImageDataStoreSpy.swift in Sources */,
				E8FE9F17262CB1D00096557A /* XCTestCase+FeedStoreSpecs.swift in Sources */,
			);
			runOnlyForDeploymentPostprocessing = 0;
		};
		197FA966261CFD6B00642300 /* Sources */ = {
			isa = PBXSourcesBuildPhase;
			buildActionMask = 2147483647;
			files = (
				197FA978261CFDAE00642300 /* XCTestCase+MemoryLeakTrack.swift in Sources */,
				197FA96D261CFD6B00642300 /* EssentialFeedAPIEndToEndTests.swift in Sources */,
			);
			runOnlyForDeploymentPostprocessing = 0;
		};
		E82F3D9426355032003964FA /* Sources */ = {
			isa = PBXSourcesBuildPhase;
			buildActionMask = 2147483647;
			files = (
				E8AE2E4F26506BB400204450 /* UITableView+HeaderSizing.swift in Sources */,
				E82F3E02263763B7003964FA /* UIView+Shimmering.swift in Sources */,
				E8070DBE263FF1D700717354 /* UITableView+Dequeueing.swift in Sources */,
				E8DFC62126448DBD0091F22A /* UIRefreshControl+Helpers.swift in Sources */,
				E82F3DF42635DBB3003964FA /* FeedViewController.swift in Sources */,
				E8070DC0263FF34C00717354 /* UIImageView+Animations.swift in Sources */,
				E82F3DFB26360B50003964FA /* FeedImageCell.swift in Sources */,
				E8DC7BEF263C28FC00B85F4C /* FeedImageCellController.swift in Sources */,
				E8DFC61C26448D350091F22A /* ErrorView.swift in Sources */,
			);
			runOnlyForDeploymentPostprocessing = 0;
		};
		E82F3D9C26355032003964FA /* Sources */ = {
			isa = PBXSourcesBuildPhase;
			buildActionMask = 2147483647;
			files = (
				E82F3DED2635A053003964FA /* XCTestCase+MemoryLeakTrack.swift in Sources */,
				E8AE2E4A265061FD00204450 /* FeedSnapshotTests.swift in Sources */,
				E8AE2E532650766700204450 /* XCTestCase+Snapshot.swift in Sources */,
				E8AE2E51265075F600204450 /* UIViewController+Snapshot.swift in Sources */,
				E8AE2E4D2650694900204450 /* UIImage+TestHelpers.swift in Sources */,
			);
			runOnlyForDeploymentPostprocessing = 0;
		};
		E8AE2E5726511B5800204450 /* Sources */ = {
			isa = PBXSourcesBuildPhase;
			buildActionMask = 2147483647;
			files = (
				E8AE2E7B26511BEE00204450 /* FeedItemsMapper.swift in Sources */,
				E8FE016226597818000A6CB2 /* RemoteLoader.swift in Sources */,
				E8AE2E7726511BEE00204450 /* RemoteFeedImageDataLoader.swift in Sources */,
				E8AE2E7D26511C2C00204450 /* HTTPURLResponse+StatusCode.swift in Sources */,
				E8AE2E7826511BEE00204450 /* URLSessionHTTPClient.swift in Sources */,
				E8AE2E7A26511BEE00204450 /* HTTPClient.swift in Sources */,
				E8AE2E8D26531FD100204450 /* ImageCommentsMapper.swift in Sources */,
			);
			runOnlyForDeploymentPostprocessing = 0;
		};
		E8AE2E5F26511B5800204450 /* Sources */ = {
			isa = PBXSourcesBuildPhase;
			buildActionMask = 2147483647;
			files = (
				E8AE2E7E26511C5800204450 /* LoadFeedImageDataFromRemoteUseCaseTests.swift in Sources */,
				E8AE2E7F26511C5800204450 /* FeedItemsMapperTests.swift in Sources */,
				E8AE2E8426511D6400204450 /* SharedTestHelpers.swift in Sources */,
				E8AE2E8026511C5800204450 /* URLSessionHTTPClientTest.swift in Sources */,
				E8FE016126597809000A6CB2 /* RemoteLoaderTests.swift in Sources */,
				E8AE2E8126511C6D00204450 /* URLProtocolStub.swift in Sources */,
				E8AE2E8926531DC700204450 /* ImageCommentsMapperTests.swift in Sources */,
				E8AE2E8326511D3300204450 /* XCTestCase+MemoryLeakTrack.swift in Sources */,
				E8AE2E8226511C6D00204450 /* HTTPClientSpy.swift in Sources */,
			);
			runOnlyForDeploymentPostprocessing = 0;
		};
		E8FE9F40262F09D00096557A /* Sources */ = {
			isa = PBXSourcesBuildPhase;
			buildActionMask = 2147483647;
			files = (
				E8FE9F5D262F0EB40096557A /* SharedTestHelpers.swift in Sources */,
				E8FE9F53262F0CBF0096557A /* XCTestCase+MemoryLeakTrack.swift in Sources */,
				E8FE9F58262F0E730096557A /* FeedCacheTestHelpers.swift in Sources */,
				E8FE9F47262F09D00096557A /* EssentialFeedCacheIntegrationTests.swift in Sources */,
			);
			runOnlyForDeploymentPostprocessing = 0;
		};
/* End PBXSourcesBuildPhase section */

/* Begin PBXTargetDependency section */
		197FA93B261CFC9B00642300 /* PBXTargetDependency */ = {
			isa = PBXTargetDependency;
			target = 197FA92E261CFC9B00642300 /* EssentialFeed */;
			targetProxy = 197FA93A261CFC9B00642300 /* PBXContainerItemProxy */;
		};
		197FA971261CFD6B00642300 /* PBXTargetDependency */ = {
			isa = PBXTargetDependency;
			target = 197FA92E261CFC9B00642300 /* EssentialFeed */;
			targetProxy = 197FA970261CFD6B00642300 /* PBXContainerItemProxy */;
		};
		E82F3DA326355032003964FA /* PBXTargetDependency */ = {
			isa = PBXTargetDependency;
			target = E82F3D9726355032003964FA /* EssentialFeediOS */;
			targetProxy = E82F3DA226355032003964FA /* PBXContainerItemProxy */;
		};
		E82F3DE626359F54003964FA /* PBXTargetDependency */ = {
			isa = PBXTargetDependency;
			platformFilter = ios;
			target = 197FA92E261CFC9B00642300 /* EssentialFeed */;
			targetProxy = E82F3DE526359F54003964FA /* PBXContainerItemProxy */;
		};
		E8AE2E6626511B5800204450 /* PBXTargetDependency */ = {
			isa = PBXTargetDependency;
			target = E8AE2E5A26511B5800204450 /* EssentialFeedAPI */;
			targetProxy = E8AE2E6526511B5800204450 /* PBXContainerItemProxy */;
		};
		E8AE2E7526511BA900204450 /* PBXTargetDependency */ = {
			isa = PBXTargetDependency;
			target = 197FA92E261CFC9B00642300 /* EssentialFeed */;
			targetProxy = E8AE2E7426511BA900204450 /* PBXContainerItemProxy */;
		};
		E8FE0164265A592B000A6CB2 /* PBXTargetDependency */ = {
			isa = PBXTargetDependency;
			target = E8AE2E5A26511B5800204450 /* EssentialFeedAPI */;
			targetProxy = E8FE0163265A592B000A6CB2 /* PBXContainerItemProxy */;
		};
		E8FE9F4B262F09D00096557A /* PBXTargetDependency */ = {
			isa = PBXTargetDependency;
			target = 197FA92E261CFC9B00642300 /* EssentialFeed */;
			targetProxy = E8FE9F4A262F09D00096557A /* PBXContainerItemProxy */;
		};
/* End PBXTargetDependency section */

/* Begin PBXVariantGroup section */
		E8AE2D2D2646865F00204450 /* Feed.strings */ = {
			isa = PBXVariantGroup;
			children = (
				E8AE2D2C2646865F00204450 /* en */,
				E8AE2D2E2646866300204450 /* el */,
				E8AE2D2F2646866400204450 /* pt-BR */,
			);
			name = Feed.strings;
			sourceTree = "<group>";
		};
		E8FE0172265AD1D5000A6CB2 /* Shared.strings */ = {
			isa = PBXVariantGroup;
			children = (
				E8FE0171265AD1D5000A6CB2 /* en */,
				E8FE0173265AD1DA000A6CB2 /* el */,
				E8FE0174265AD1DC000A6CB2 /* pt-BR */,
			);
			name = Shared.strings;
			sourceTree = "<group>";
		};
/* End PBXVariantGroup section */

/* Begin XCBuildConfiguration section */
		197FA941261CFC9B00642300 /* Debug */ = {
			isa = XCBuildConfiguration;
			buildSettings = {
				ALWAYS_SEARCH_USER_PATHS = NO;
				CLANG_ANALYZER_LOCALIZABILITY_NONLOCALIZED = YES;
				CLANG_ANALYZER_NONNULL = YES;
				CLANG_ANALYZER_NUMBER_OBJECT_CONVERSION = YES_AGGRESSIVE;
				CLANG_CXX_LANGUAGE_STANDARD = "gnu++14";
				CLANG_CXX_LIBRARY = "libc++";
				CLANG_ENABLE_MODULES = YES;
				CLANG_ENABLE_OBJC_ARC = YES;
				CLANG_ENABLE_OBJC_WEAK = YES;
				CLANG_WARN_BLOCK_CAPTURE_AUTORELEASING = YES;
				CLANG_WARN_BOOL_CONVERSION = YES;
				CLANG_WARN_COMMA = YES;
				CLANG_WARN_CONSTANT_CONVERSION = YES;
				CLANG_WARN_DEPRECATED_OBJC_IMPLEMENTATIONS = YES;
				CLANG_WARN_DIRECT_OBJC_ISA_USAGE = YES_ERROR;
				CLANG_WARN_DOCUMENTATION_COMMENTS = YES;
				CLANG_WARN_EMPTY_BODY = YES;
				CLANG_WARN_ENUM_CONVERSION = YES;
				CLANG_WARN_INFINITE_RECURSION = YES;
				CLANG_WARN_INT_CONVERSION = YES;
				CLANG_WARN_NON_LITERAL_NULL_CONVERSION = YES;
				CLANG_WARN_OBJC_IMPLICIT_RETAIN_SELF = YES;
				CLANG_WARN_OBJC_LITERAL_CONVERSION = YES;
				CLANG_WARN_OBJC_ROOT_CLASS = YES_ERROR;
				CLANG_WARN_QUOTED_INCLUDE_IN_FRAMEWORK_HEADER = YES;
				CLANG_WARN_RANGE_LOOP_ANALYSIS = YES;
				CLANG_WARN_STRICT_PROTOTYPES = YES;
				CLANG_WARN_SUSPICIOUS_MOVE = YES;
				CLANG_WARN_UNGUARDED_AVAILABILITY = YES_AGGRESSIVE;
				CLANG_WARN_UNREACHABLE_CODE = YES;
				CLANG_WARN__DUPLICATE_METHOD_MATCH = YES;
				COPY_PHASE_STRIP = NO;
				CURRENT_PROJECT_VERSION = 1;
				DEBUG_INFORMATION_FORMAT = dwarf;
				ENABLE_STRICT_OBJC_MSGSEND = YES;
				ENABLE_TESTABILITY = YES;
				GCC_C_LANGUAGE_STANDARD = gnu11;
				GCC_DYNAMIC_NO_PIC = NO;
				GCC_NO_COMMON_BLOCKS = YES;
				GCC_OPTIMIZATION_LEVEL = 0;
				GCC_PREPROCESSOR_DEFINITIONS = (
					"DEBUG=1",
					"$(inherited)",
				);
				GCC_WARN_64_TO_32_BIT_CONVERSION = YES;
				GCC_WARN_ABOUT_RETURN_TYPE = YES_ERROR;
				GCC_WARN_UNDECLARED_SELECTOR = YES;
				GCC_WARN_UNINITIALIZED_AUTOS = YES_AGGRESSIVE;
				GCC_WARN_UNUSED_FUNCTION = YES;
				GCC_WARN_UNUSED_VARIABLE = YES;
				MACOSX_DEPLOYMENT_TARGET = 11.1;
				MTL_ENABLE_DEBUG_INFO = INCLUDE_SOURCE;
				MTL_FAST_MATH = YES;
				ONLY_ACTIVE_ARCH = YES;
				SDKROOT = macosx;
				SWIFT_ACTIVE_COMPILATION_CONDITIONS = DEBUG;
				SWIFT_OPTIMIZATION_LEVEL = "-Onone";
				VERSIONING_SYSTEM = "apple-generic";
				VERSION_INFO_PREFIX = "";
			};
			name = Debug;
		};
		197FA942261CFC9B00642300 /* Release */ = {
			isa = XCBuildConfiguration;
			buildSettings = {
				ALWAYS_SEARCH_USER_PATHS = NO;
				CLANG_ANALYZER_LOCALIZABILITY_NONLOCALIZED = YES;
				CLANG_ANALYZER_NONNULL = YES;
				CLANG_ANALYZER_NUMBER_OBJECT_CONVERSION = YES_AGGRESSIVE;
				CLANG_CXX_LANGUAGE_STANDARD = "gnu++14";
				CLANG_CXX_LIBRARY = "libc++";
				CLANG_ENABLE_MODULES = YES;
				CLANG_ENABLE_OBJC_ARC = YES;
				CLANG_ENABLE_OBJC_WEAK = YES;
				CLANG_WARN_BLOCK_CAPTURE_AUTORELEASING = YES;
				CLANG_WARN_BOOL_CONVERSION = YES;
				CLANG_WARN_COMMA = YES;
				CLANG_WARN_CONSTANT_CONVERSION = YES;
				CLANG_WARN_DEPRECATED_OBJC_IMPLEMENTATIONS = YES;
				CLANG_WARN_DIRECT_OBJC_ISA_USAGE = YES_ERROR;
				CLANG_WARN_DOCUMENTATION_COMMENTS = YES;
				CLANG_WARN_EMPTY_BODY = YES;
				CLANG_WARN_ENUM_CONVERSION = YES;
				CLANG_WARN_INFINITE_RECURSION = YES;
				CLANG_WARN_INT_CONVERSION = YES;
				CLANG_WARN_NON_LITERAL_NULL_CONVERSION = YES;
				CLANG_WARN_OBJC_IMPLICIT_RETAIN_SELF = YES;
				CLANG_WARN_OBJC_LITERAL_CONVERSION = YES;
				CLANG_WARN_OBJC_ROOT_CLASS = YES_ERROR;
				CLANG_WARN_QUOTED_INCLUDE_IN_FRAMEWORK_HEADER = YES;
				CLANG_WARN_RANGE_LOOP_ANALYSIS = YES;
				CLANG_WARN_STRICT_PROTOTYPES = YES;
				CLANG_WARN_SUSPICIOUS_MOVE = YES;
				CLANG_WARN_UNGUARDED_AVAILABILITY = YES_AGGRESSIVE;
				CLANG_WARN_UNREACHABLE_CODE = YES;
				CLANG_WARN__DUPLICATE_METHOD_MATCH = YES;
				COPY_PHASE_STRIP = NO;
				CURRENT_PROJECT_VERSION = 1;
				DEBUG_INFORMATION_FORMAT = "dwarf-with-dsym";
				ENABLE_NS_ASSERTIONS = NO;
				ENABLE_STRICT_OBJC_MSGSEND = YES;
				GCC_C_LANGUAGE_STANDARD = gnu11;
				GCC_NO_COMMON_BLOCKS = YES;
				GCC_WARN_64_TO_32_BIT_CONVERSION = YES;
				GCC_WARN_ABOUT_RETURN_TYPE = YES_ERROR;
				GCC_WARN_UNDECLARED_SELECTOR = YES;
				GCC_WARN_UNINITIALIZED_AUTOS = YES_AGGRESSIVE;
				GCC_WARN_UNUSED_FUNCTION = YES;
				GCC_WARN_UNUSED_VARIABLE = YES;
				MACOSX_DEPLOYMENT_TARGET = 11.1;
				MTL_ENABLE_DEBUG_INFO = NO;
				MTL_FAST_MATH = YES;
				SDKROOT = macosx;
				SWIFT_COMPILATION_MODE = wholemodule;
				SWIFT_OPTIMIZATION_LEVEL = "-O";
				VERSIONING_SYSTEM = "apple-generic";
				VERSION_INFO_PREFIX = "";
			};
			name = Release;
		};
		197FA944261CFC9B00642300 /* Debug */ = {
			isa = XCBuildConfiguration;
			buildSettings = {
				CODE_SIGN_STYLE = Automatic;
				COMBINE_HIDPI_IMAGES = YES;
				DEFINES_MODULE = YES;
				DYLIB_COMPATIBILITY_VERSION = 1;
				DYLIB_CURRENT_VERSION = 1;
				DYLIB_INSTALL_NAME_BASE = "@rpath";
				INFOPLIST_FILE = EssentialFeed/Info.plist;
				INSTALL_PATH = "$(LOCAL_LIBRARY_DIR)/Frameworks";
				IPHONEOS_DEPLOYMENT_TARGET = 14.3;
				LD_RUNPATH_SEARCH_PATHS = (
					"$(inherited)",
					"@executable_path/../Frameworks",
					"@loader_path/Frameworks",
				);
				PRODUCT_BUNDLE_IDENTIFIER = com.EssentialFeed;
				PRODUCT_NAME = "$(TARGET_NAME:c99extidentifier)";
				SKIP_INSTALL = YES;
				SUPPORTED_PLATFORMS = "macosx iphoneos iphonesimulator";
				SWIFT_VERSION = 5.0;
			};
			name = Debug;
		};
		197FA945261CFC9B00642300 /* Release */ = {
			isa = XCBuildConfiguration;
			buildSettings = {
				CODE_SIGN_STYLE = Automatic;
				COMBINE_HIDPI_IMAGES = YES;
				DEFINES_MODULE = YES;
				DYLIB_COMPATIBILITY_VERSION = 1;
				DYLIB_CURRENT_VERSION = 1;
				DYLIB_INSTALL_NAME_BASE = "@rpath";
				INFOPLIST_FILE = EssentialFeed/Info.plist;
				INSTALL_PATH = "$(LOCAL_LIBRARY_DIR)/Frameworks";
				IPHONEOS_DEPLOYMENT_TARGET = 14.3;
				LD_RUNPATH_SEARCH_PATHS = (
					"$(inherited)",
					"@executable_path/../Frameworks",
					"@loader_path/Frameworks",
				);
				PRODUCT_BUNDLE_IDENTIFIER = com.EssentialFeed;
				PRODUCT_NAME = "$(TARGET_NAME:c99extidentifier)";
				SKIP_INSTALL = YES;
				SUPPORTED_PLATFORMS = "macosx iphoneos iphonesimulator";
				SWIFT_VERSION = 5.0;
			};
			name = Release;
		};
		197FA947261CFC9B00642300 /* Debug */ = {
			isa = XCBuildConfiguration;
			buildSettings = {
				ALWAYS_EMBED_SWIFT_STANDARD_LIBRARIES = YES;
				CODE_SIGN_STYLE = Automatic;
				COMBINE_HIDPI_IMAGES = YES;
				INFOPLIST_FILE = EssentialFeedTests/Info.plist;
				LD_RUNPATH_SEARCH_PATHS = (
					"$(inherited)",
					"@executable_path/../Frameworks",
					"@loader_path/../Frameworks",
				);
				PRODUCT_BUNDLE_IDENTIFIER = com.EssentialFeedTests;
				PRODUCT_NAME = "$(TARGET_NAME)";
				SUPPORTED_PLATFORMS = "macosx iphoneos iphonesimulator";
				SWIFT_VERSION = 5.0;
			};
			name = Debug;
		};
		197FA948261CFC9B00642300 /* Release */ = {
			isa = XCBuildConfiguration;
			buildSettings = {
				ALWAYS_EMBED_SWIFT_STANDARD_LIBRARIES = YES;
				CODE_SIGN_STYLE = Automatic;
				COMBINE_HIDPI_IMAGES = YES;
				INFOPLIST_FILE = EssentialFeedTests/Info.plist;
				LD_RUNPATH_SEARCH_PATHS = (
					"$(inherited)",
					"@executable_path/../Frameworks",
					"@loader_path/../Frameworks",
				);
				PRODUCT_BUNDLE_IDENTIFIER = com.EssentialFeedTests;
				PRODUCT_NAME = "$(TARGET_NAME)";
				SUPPORTED_PLATFORMS = "macosx iphoneos iphonesimulator";
				SWIFT_VERSION = 5.0;
			};
			name = Release;
		};
		197FA973261CFD6B00642300 /* Debug */ = {
			isa = XCBuildConfiguration;
			buildSettings = {
				CODE_SIGN_STYLE = Automatic;
				COMBINE_HIDPI_IMAGES = YES;
				INFOPLIST_FILE = EssentialFeedAPIEndToEndTests/Info.plist;
				LD_RUNPATH_SEARCH_PATHS = (
					"$(inherited)",
					"@executable_path/../Frameworks",
					"@loader_path/../Frameworks",
				);
				PRODUCT_BUNDLE_IDENTIFIER = com.EssentialFeedAPIEndToEndTests;
				PRODUCT_NAME = "$(TARGET_NAME)";
				SUPPORTED_PLATFORMS = "macosx iphoneos iphonesimulator";
				SWIFT_VERSION = 5.0;
			};
			name = Debug;
		};
		197FA974261CFD6B00642300 /* Release */ = {
			isa = XCBuildConfiguration;
			buildSettings = {
				CODE_SIGN_STYLE = Automatic;
				COMBINE_HIDPI_IMAGES = YES;
				INFOPLIST_FILE = EssentialFeedAPIEndToEndTests/Info.plist;
				LD_RUNPATH_SEARCH_PATHS = (
					"$(inherited)",
					"@executable_path/../Frameworks",
					"@loader_path/../Frameworks",
				);
				PRODUCT_BUNDLE_IDENTIFIER = com.EssentialFeedAPIEndToEndTests;
				PRODUCT_NAME = "$(TARGET_NAME)";
				SUPPORTED_PLATFORMS = "macosx iphoneos iphonesimulator";
				SWIFT_VERSION = 5.0;
			};
			name = Release;
		};
		E82F3DAA26355032003964FA /* Debug */ = {
			isa = XCBuildConfiguration;
			buildSettings = {
				CLANG_ENABLE_MODULES = YES;
				CODE_SIGN_STYLE = Automatic;
				DEFINES_MODULE = YES;
				DYLIB_COMPATIBILITY_VERSION = 1;
				DYLIB_CURRENT_VERSION = 1;
				DYLIB_INSTALL_NAME_BASE = "@rpath";
				INFOPLIST_FILE = EssentialFeediOS/Info.plist;
				INSTALL_PATH = "$(LOCAL_LIBRARY_DIR)/Frameworks";
				IPHONEOS_DEPLOYMENT_TARGET = 14.3;
				LD_RUNPATH_SEARCH_PATHS = (
					"$(inherited)",
					"@executable_path/Frameworks",
					"@loader_path/Frameworks",
				);
				PRODUCT_BUNDLE_IDENTIFIER = company.EssentialFeediOS;
				PRODUCT_NAME = "$(TARGET_NAME:c99extidentifier)";
				SDKROOT = iphoneos;
				SKIP_INSTALL = YES;
				SWIFT_OPTIMIZATION_LEVEL = "-Onone";
				SWIFT_VERSION = 5.0;
				TARGETED_DEVICE_FAMILY = "1,2";
			};
			name = Debug;
		};
		E82F3DAB26355032003964FA /* Release */ = {
			isa = XCBuildConfiguration;
			buildSettings = {
				CLANG_ENABLE_MODULES = YES;
				CODE_SIGN_STYLE = Automatic;
				DEFINES_MODULE = YES;
				DYLIB_COMPATIBILITY_VERSION = 1;
				DYLIB_CURRENT_VERSION = 1;
				DYLIB_INSTALL_NAME_BASE = "@rpath";
				INFOPLIST_FILE = EssentialFeediOS/Info.plist;
				INSTALL_PATH = "$(LOCAL_LIBRARY_DIR)/Frameworks";
				IPHONEOS_DEPLOYMENT_TARGET = 14.3;
				LD_RUNPATH_SEARCH_PATHS = (
					"$(inherited)",
					"@executable_path/Frameworks",
					"@loader_path/Frameworks",
				);
				PRODUCT_BUNDLE_IDENTIFIER = company.EssentialFeediOS;
				PRODUCT_NAME = "$(TARGET_NAME:c99extidentifier)";
				SDKROOT = iphoneos;
				SKIP_INSTALL = YES;
				SWIFT_VERSION = 5.0;
				TARGETED_DEVICE_FAMILY = "1,2";
				VALIDATE_PRODUCT = YES;
			};
			name = Release;
		};
		E82F3DAD26355032003964FA /* Debug */ = {
			isa = XCBuildConfiguration;
			buildSettings = {
				ALWAYS_EMBED_SWIFT_STANDARD_LIBRARIES = YES;
				CLANG_ENABLE_MODULES = YES;
				CODE_SIGN_STYLE = Automatic;
				INFOPLIST_FILE = EssentialFeediOSTests/Info.plist;
				IPHONEOS_DEPLOYMENT_TARGET = 14.4;
				LD_RUNPATH_SEARCH_PATHS = (
					"$(inherited)",
					"@executable_path/Frameworks",
					"@loader_path/Frameworks",
				);
				PRODUCT_BUNDLE_IDENTIFIER = company.EssentialFeediOSTests;
				PRODUCT_NAME = "$(TARGET_NAME)";
				SDKROOT = iphoneos;
				SWIFT_OPTIMIZATION_LEVEL = "-Onone";
				SWIFT_VERSION = 5.0;
				TARGETED_DEVICE_FAMILY = "1,2";
			};
			name = Debug;
		};
		E82F3DAE26355032003964FA /* Release */ = {
			isa = XCBuildConfiguration;
			buildSettings = {
				ALWAYS_EMBED_SWIFT_STANDARD_LIBRARIES = YES;
				CLANG_ENABLE_MODULES = YES;
				CODE_SIGN_STYLE = Automatic;
				INFOPLIST_FILE = EssentialFeediOSTests/Info.plist;
				IPHONEOS_DEPLOYMENT_TARGET = 14.4;
				LD_RUNPATH_SEARCH_PATHS = (
					"$(inherited)",
					"@executable_path/Frameworks",
					"@loader_path/Frameworks",
				);
				PRODUCT_BUNDLE_IDENTIFIER = company.EssentialFeediOSTests;
				PRODUCT_NAME = "$(TARGET_NAME)";
				SDKROOT = iphoneos;
				SWIFT_VERSION = 5.0;
				TARGETED_DEVICE_FAMILY = "1,2";
				VALIDATE_PRODUCT = YES;
			};
			name = Release;
		};
		E8AE2E6D26511B5800204450 /* Debug */ = {
			isa = XCBuildConfiguration;
			buildSettings = {
				CODE_SIGN_STYLE = Automatic;
				COMBINE_HIDPI_IMAGES = YES;
				DEFINES_MODULE = YES;
				DYLIB_COMPATIBILITY_VERSION = 1;
				DYLIB_CURRENT_VERSION = 1;
				DYLIB_INSTALL_NAME_BASE = "@rpath";
				INFOPLIST_FILE = EssentialFeedAPI/Info.plist;
				INSTALL_PATH = "$(LOCAL_LIBRARY_DIR)/Frameworks";
				LD_RUNPATH_SEARCH_PATHS = (
					"$(inherited)",
					"@executable_path/../Frameworks",
					"@loader_path/Frameworks",
				);
				MACOSX_DEPLOYMENT_TARGET = 11.3;
				PRODUCT_BUNDLE_IDENTIFIER = company.EssentialFeedAPI;
				PRODUCT_NAME = "$(TARGET_NAME:c99extidentifier)";
				SKIP_INSTALL = YES;
				SUPPORTED_PLATFORMS = "macosx iphonesimulator iphoneos";
				SWIFT_VERSION = 5.0;
			};
			name = Debug;
		};
		E8AE2E6E26511B5800204450 /* Release */ = {
			isa = XCBuildConfiguration;
			buildSettings = {
				CODE_SIGN_STYLE = Automatic;
				COMBINE_HIDPI_IMAGES = YES;
				DEFINES_MODULE = YES;
				DYLIB_COMPATIBILITY_VERSION = 1;
				DYLIB_CURRENT_VERSION = 1;
				DYLIB_INSTALL_NAME_BASE = "@rpath";
				INFOPLIST_FILE = EssentialFeedAPI/Info.plist;
				INSTALL_PATH = "$(LOCAL_LIBRARY_DIR)/Frameworks";
				LD_RUNPATH_SEARCH_PATHS = (
					"$(inherited)",
					"@executable_path/../Frameworks",
					"@loader_path/Frameworks",
				);
				MACOSX_DEPLOYMENT_TARGET = 11.3;
				PRODUCT_BUNDLE_IDENTIFIER = company.EssentialFeedAPI;
				PRODUCT_NAME = "$(TARGET_NAME:c99extidentifier)";
				SKIP_INSTALL = YES;
				SUPPORTED_PLATFORMS = "macosx iphonesimulator iphoneos";
				SWIFT_VERSION = 5.0;
			};
			name = Release;
		};
		E8AE2E7026511B5800204450 /* Debug */ = {
			isa = XCBuildConfiguration;
			buildSettings = {
				ALWAYS_EMBED_SWIFT_STANDARD_LIBRARIES = YES;
				CODE_SIGN_STYLE = Automatic;
				COMBINE_HIDPI_IMAGES = YES;
				INFOPLIST_FILE = EssentialFeedAPITests/Info.plist;
				LD_RUNPATH_SEARCH_PATHS = (
					"$(inherited)",
					"@executable_path/../Frameworks",
					"@loader_path/../Frameworks",
				);
				MACOSX_DEPLOYMENT_TARGET = 11.3;
				PRODUCT_BUNDLE_IDENTIFIER = company.EssentialFeedAPITests;
				PRODUCT_NAME = "$(TARGET_NAME)";
				SWIFT_VERSION = 5.0;
			};
			name = Debug;
		};
		E8AE2E7126511B5800204450 /* Release */ = {
			isa = XCBuildConfiguration;
			buildSettings = {
				ALWAYS_EMBED_SWIFT_STANDARD_LIBRARIES = YES;
				CODE_SIGN_STYLE = Automatic;
				COMBINE_HIDPI_IMAGES = YES;
				INFOPLIST_FILE = EssentialFeedAPITests/Info.plist;
				LD_RUNPATH_SEARCH_PATHS = (
					"$(inherited)",
					"@executable_path/../Frameworks",
					"@loader_path/../Frameworks",
				);
				MACOSX_DEPLOYMENT_TARGET = 11.3;
				PRODUCT_BUNDLE_IDENTIFIER = company.EssentialFeedAPITests;
				PRODUCT_NAME = "$(TARGET_NAME)";
				SWIFT_VERSION = 5.0;
			};
			name = Release;
		};
		E8FE9F4D262F09D00096557A /* Debug */ = {
			isa = XCBuildConfiguration;
			buildSettings = {
				CODE_SIGN_STYLE = Automatic;
				COMBINE_HIDPI_IMAGES = YES;
				INFOPLIST_FILE = EssentialFeedCacheIntegrationTests/Info.plist;
				LD_RUNPATH_SEARCH_PATHS = (
					"$(inherited)",
					"@executable_path/../Frameworks",
					"@loader_path/../Frameworks",
				);
				PRODUCT_BUNDLE_IDENTIFIER = company.EssentialFeedCacheIntegrationTests;
				PRODUCT_NAME = "$(TARGET_NAME)";
				SUPPORTED_PLATFORMS = "macosx iphonesimulator iphoneos";
				SWIFT_VERSION = 5.0;
			};
			name = Debug;
		};
		E8FE9F4E262F09D00096557A /* Release */ = {
			isa = XCBuildConfiguration;
			buildSettings = {
				CODE_SIGN_STYLE = Automatic;
				COMBINE_HIDPI_IMAGES = YES;
				INFOPLIST_FILE = EssentialFeedCacheIntegrationTests/Info.plist;
				LD_RUNPATH_SEARCH_PATHS = (
					"$(inherited)",
					"@executable_path/../Frameworks",
					"@loader_path/../Frameworks",
				);
				PRODUCT_BUNDLE_IDENTIFIER = company.EssentialFeedCacheIntegrationTests;
				PRODUCT_NAME = "$(TARGET_NAME)";
				SUPPORTED_PLATFORMS = "macosx iphonesimulator iphoneos";
				SWIFT_VERSION = 5.0;
			};
			name = Release;
		};
/* End XCBuildConfiguration section */

/* Begin XCConfigurationList section */
		197FA929261CFC9B00642300 /* Build configuration list for PBXProject "EssentialFeed" */ = {
			isa = XCConfigurationList;
			buildConfigurations = (
				197FA941261CFC9B00642300 /* Debug */,
				197FA942261CFC9B00642300 /* Release */,
			);
			defaultConfigurationIsVisible = 0;
			defaultConfigurationName = Release;
		};
		197FA943261CFC9B00642300 /* Build configuration list for PBXNativeTarget "EssentialFeed" */ = {
			isa = XCConfigurationList;
			buildConfigurations = (
				197FA944261CFC9B00642300 /* Debug */,
				197FA945261CFC9B00642300 /* Release */,
			);
			defaultConfigurationIsVisible = 0;
			defaultConfigurationName = Release;
		};
		197FA946261CFC9B00642300 /* Build configuration list for PBXNativeTarget "EssentialFeedTests" */ = {
			isa = XCConfigurationList;
			buildConfigurations = (
				197FA947261CFC9B00642300 /* Debug */,
				197FA948261CFC9B00642300 /* Release */,
			);
			defaultConfigurationIsVisible = 0;
			defaultConfigurationName = Release;
		};
		197FA972261CFD6B00642300 /* Build configuration list for PBXNativeTarget "EssentialFeedAPIEndToEndTests" */ = {
			isa = XCConfigurationList;
			buildConfigurations = (
				197FA973261CFD6B00642300 /* Debug */,
				197FA974261CFD6B00642300 /* Release */,
			);
			defaultConfigurationIsVisible = 0;
			defaultConfigurationName = Release;
		};
		E82F3DA926355032003964FA /* Build configuration list for PBXNativeTarget "EssentialFeediOS" */ = {
			isa = XCConfigurationList;
			buildConfigurations = (
				E82F3DAA26355032003964FA /* Debug */,
				E82F3DAB26355032003964FA /* Release */,
			);
			defaultConfigurationIsVisible = 0;
			defaultConfigurationName = Release;
		};
		E82F3DAC26355032003964FA /* Build configuration list for PBXNativeTarget "EssentialFeediOSTests" */ = {
			isa = XCConfigurationList;
			buildConfigurations = (
				E82F3DAD26355032003964FA /* Debug */,
				E82F3DAE26355032003964FA /* Release */,
			);
			defaultConfigurationIsVisible = 0;
			defaultConfigurationName = Release;
		};
		E8AE2E6C26511B5800204450 /* Build configuration list for PBXNativeTarget "EssentialFeedAPI" */ = {
			isa = XCConfigurationList;
			buildConfigurations = (
				E8AE2E6D26511B5800204450 /* Debug */,
				E8AE2E6E26511B5800204450 /* Release */,
			);
			defaultConfigurationIsVisible = 0;
			defaultConfigurationName = Release;
		};
		E8AE2E6F26511B5800204450 /* Build configuration list for PBXNativeTarget "EssentialFeedAPITests" */ = {
			isa = XCConfigurationList;
			buildConfigurations = (
				E8AE2E7026511B5800204450 /* Debug */,
				E8AE2E7126511B5800204450 /* Release */,
			);
			defaultConfigurationIsVisible = 0;
			defaultConfigurationName = Release;
		};
		E8FE9F4C262F09D00096557A /* Build configuration list for PBXNativeTarget "EssentialFeedCacheIntegrationTests" */ = {
			isa = XCConfigurationList;
			buildConfigurations = (
				E8FE9F4D262F09D00096557A /* Debug */,
				E8FE9F4E262F09D00096557A /* Release */,
			);
			defaultConfigurationIsVisible = 0;
			defaultConfigurationName = Release;
		};
/* End XCConfigurationList section */

/* Begin XCVersionGroup section */
		E8FE9F36262EDF070096557A /* FeedStore.xcdatamodeld */ = {
			isa = XCVersionGroup;
			children = (
				E8AE2D5E26482BB000204450 /* FeedStore 2.xcdatamodel */,
				E8FE9F37262EDF070096557A /* FeedStore.xcdatamodel */,
			);
			currentVersion = E8AE2D5E26482BB000204450 /* FeedStore 2.xcdatamodel */;
			path = FeedStore.xcdatamodeld;
			sourceTree = "<group>";
			versionGroupType = wrapper.xcdatamodel;
		};
/* End XCVersionGroup section */
	};
	rootObject = 197FA926261CFC9B00642300 /* Project object */;
}
